// !$*UTF8*$!
{
	archiveVersion = 1;
	classes = {
	};
	objectVersion = 50;
	objects = {

/* Begin PBXBuildFile section */
		04235E51225352E200B2FC40 /* EmptyOrderView.m in Sources */ = {isa = PBXBuildFile; fileRef = 04235E50225352E200B2FC40 /* EmptyOrderView.m */; };
		04235E532253531500B2FC40 /* EmptyOrderView.xib in Resources */ = {isa = PBXBuildFile; fileRef = 04235E522253531500B2FC40 /* EmptyOrderView.xib */; };
		042B181F2240CB76004D372A /* UserEvaluationTableViewCell.m in Sources */ = {isa = PBXBuildFile; fileRef = 042B181D2240CB76004D372A /* UserEvaluationTableViewCell.m */; };
		042B18202240CB76004D372A /* UserEvaluationTableViewCell.xib in Resources */ = {isa = PBXBuildFile; fileRef = 042B181E2240CB76004D372A /* UserEvaluationTableViewCell.xib */; };
		042B18292240EA3E004D372A /* UserEvaluationTableViewCell1.m in Sources */ = {isa = PBXBuildFile; fileRef = 042B18272240EA3E004D372A /* UserEvaluationTableViewCell1.m */; };
		042B182A2240EA3E004D372A /* UserEvaluationTableViewCell1.xib in Resources */ = {isa = PBXBuildFile; fileRef = 042B18282240EA3E004D372A /* UserEvaluationTableViewCell1.xib */; };
		042B182D2240F6F2004D372A /* HeaderView1.m in Sources */ = {isa = PBXBuildFile; fileRef = 042B182C2240F6F2004D372A /* HeaderView1.m */; };
		042B182F2240F704004D372A /* HeaderView1.xib in Resources */ = {isa = PBXBuildFile; fileRef = 042B182E2240F704004D372A /* HeaderView1.xib */; };
		042B18A622411416004D372A /* IFTools.m in Sources */ = {isa = PBXBuildFile; fileRef = 042B18A522411416004D372A /* IFTools.m */; };
		042B19292241D05F004D372A /* NewOrderTableViewCell1.m in Sources */ = {isa = PBXBuildFile; fileRef = 042B19272241D05F004D372A /* NewOrderTableViewCell1.m */; };
		042B192A2241D05F004D372A /* NewOrderTableViewCell1.xib in Resources */ = {isa = PBXBuildFile; fileRef = 042B19282241D05F004D372A /* NewOrderTableViewCell1.xib */; };
		042B19382242383D004D372A /* NewOrderModel.m in Sources */ = {isa = PBXBuildFile; fileRef = 042B19372242383D004D372A /* NewOrderModel.m */; };
		0446EAB82239251100A86F32 /* BusinessStatusViewController.m in Sources */ = {isa = PBXBuildFile; fileRef = 0446EAB72239251100A86F32 /* BusinessStatusViewController.m */; };
		0446EABB2239319900A86F32 /* FeedbackViewController.m in Sources */ = {isa = PBXBuildFile; fileRef = 0446EABA2239319900A86F32 /* FeedbackViewController.m */; };
		0446EABE2239EDD400A86F32 /* AccountSecurityViewController.m in Sources */ = {isa = PBXBuildFile; fileRef = 0446EABD2239EDD400A86F32 /* AccountSecurityViewController.m */; };
		0446EAD12239F71E00A86F32 /* ChangePasswordViewController.m in Sources */ = {isa = PBXBuildFile; fileRef = 0446EAD02239F71E00A86F32 /* ChangePasswordViewController.m */; };
		0446EAD4223A36DC00A86F32 /* PhoneNumberView.m in Sources */ = {isa = PBXBuildFile; fileRef = 0446EAD3223A36DC00A86F32 /* PhoneNumberView.m */; };
		0446EADB223A5AD600A86F32 /* RestaurantNoticeViewController.m in Sources */ = {isa = PBXBuildFile; fileRef = 0446EADA223A5AD600A86F32 /* RestaurantNoticeViewController.m */; };
		0446EAE2223B441200A86F32 /* HeaderView.m in Sources */ = {isa = PBXBuildFile; fileRef = 0446EAE1223B441200A86F32 /* HeaderView.m */; };
		0446EAE4223B441F00A86F32 /* HeaderView.xib in Resources */ = {isa = PBXBuildFile; fileRef = 0446EAE3223B441F00A86F32 /* HeaderView.xib */; };
		0446EAE8223B7A3800A86F32 /* TableViewCell.m in Sources */ = {isa = PBXBuildFile; fileRef = 0446EAE6223B7A3800A86F32 /* TableViewCell.m */; };
		0446EAE9223B7A3800A86F32 /* TableViewCell.xib in Resources */ = {isa = PBXBuildFile; fileRef = 0446EAE7223B7A3800A86F32 /* TableViewCell.xib */; };
		0446EAEC223B8B4A00A86F32 /* GoodsManagementViewController.m in Sources */ = {isa = PBXBuildFile; fileRef = 0446EAEB223B8B4A00A86F32 /* GoodsManagementViewController.m */; };
		0446EAF0223B926D00A86F32 /* GoodsTableViewCell.m in Sources */ = {isa = PBXBuildFile; fileRef = 0446EAEE223B926D00A86F32 /* GoodsTableViewCell.m */; };
		0446EAF1223B926D00A86F32 /* GoodsTableViewCell.xib in Resources */ = {isa = PBXBuildFile; fileRef = 0446EAEF223B926D00A86F32 /* GoodsTableViewCell.xib */; };
		0446EAF4223BB7E100A86F32 /* UserEvaluationViewController.m in Sources */ = {isa = PBXBuildFile; fileRef = 0446EAF3223BB7E100A86F32 /* UserEvaluationViewController.m */; };
		0446EAF7223BB8CD00A86F32 /* ManageViewController.m in Sources */ = {isa = PBXBuildFile; fileRef = 0446EAF6223BB8CD00A86F32 /* ManageViewController.m */; };
		0446EAFB223E1B9D00A86F32 /* Http_url.m in Sources */ = {isa = PBXBuildFile; fileRef = 0446EAFA223E1B9D00A86F32 /* Http_url.m */; };
		0446EB09223E439F00A86F32 /* SVProgressHUD.bundle in Resources */ = {isa = PBXBuildFile; fileRef = 0446EAFF223E439D00A86F32 /* SVProgressHUD.bundle */; };
		0446EB0A223E439F00A86F32 /* SVRadialGradientLayer.m in Sources */ = {isa = PBXBuildFile; fileRef = 0446EB00223E439D00A86F32 /* SVRadialGradientLayer.m */; };
		0446EB0B223E439F00A86F32 /* SVProgressAnimatedView.m in Sources */ = {isa = PBXBuildFile; fileRef = 0446EB05223E439E00A86F32 /* SVProgressAnimatedView.m */; };
		0446EB0C223E439F00A86F32 /* SVIndefiniteAnimatedView.m in Sources */ = {isa = PBXBuildFile; fileRef = 0446EB07223E439E00A86F32 /* SVIndefiniteAnimatedView.m */; };
		0446EB0D223E439F00A86F32 /* SVProgressHUD.m in Sources */ = {isa = PBXBuildFile; fileRef = 0446EB08223E439F00A86F32 /* SVProgressHUD.m */; };
		0446EB10223E447600A86F32 /* IFUtils.m in Sources */ = {isa = PBXBuildFile; fileRef = 0446EB0F223E447600A86F32 /* IFUtils.m */; };
		0446EB13223F3AE000A86F32 /* CreateGoodsViewController.m in Sources */ = {isa = PBXBuildFile; fileRef = 0446EB12223F3AE000A86F32 /* CreateGoodsViewController.m */; };
		0446EB16223F4C1A00A86F32 /* ManageCatergoryViewController.m in Sources */ = {isa = PBXBuildFile; fileRef = 0446EB15223F4C1A00A86F32 /* ManageCatergoryViewController.m */; };
		0446EB1A223F6BFF00A86F32 /* ManageCatergoryTableViewCell.m in Sources */ = {isa = PBXBuildFile; fileRef = 0446EB18223F6BFF00A86F32 /* ManageCatergoryTableViewCell.m */; };
		0446EB1B223F6BFF00A86F32 /* ManageCatergoryTableViewCell.xib in Resources */ = {isa = PBXBuildFile; fileRef = 0446EB19223F6BFF00A86F32 /* ManageCatergoryTableViewCell.xib */; };
		0446EB23223F86BC00A86F32 /* CreateNewGoodsViewController.m in Sources */ = {isa = PBXBuildFile; fileRef = 0446EB22223F86BC00A86F32 /* CreateNewGoodsViewController.m */; };
		0446EB27223F874C00A86F32 /* NewGoodsTableViewCell1.m in Sources */ = {isa = PBXBuildFile; fileRef = 0446EB25223F874C00A86F32 /* NewGoodsTableViewCell1.m */; };
		0446EB28223F874C00A86F32 /* NewGoodsTableViewCell1.xib in Resources */ = {isa = PBXBuildFile; fileRef = 0446EB26223F874C00A86F32 /* NewGoodsTableViewCell1.xib */; };
		0446EB2C223F88EF00A86F32 /* NewGoodsTableViewCell2.m in Sources */ = {isa = PBXBuildFile; fileRef = 0446EB2A223F88EF00A86F32 /* NewGoodsTableViewCell2.m */; };
		0446EB2D223F88EF00A86F32 /* NewGoodsTableViewCell2.xib in Resources */ = {isa = PBXBuildFile; fileRef = 0446EB2B223F88EF00A86F32 /* NewGoodsTableViewCell2.xib */; };
		0446EB31223F8B0200A86F32 /* NewGoodsTableViewCell3.m in Sources */ = {isa = PBXBuildFile; fileRef = 0446EB2F223F8B0200A86F32 /* NewGoodsTableViewCell3.m */; };
		0446EB32223F8B0200A86F32 /* NewGoodsTableViewCell3.xib in Resources */ = {isa = PBXBuildFile; fileRef = 0446EB30223F8B0200A86F32 /* NewGoodsTableViewCell3.xib */; };
		0446EB36223F9B8A00A86F32 /* NewGoodsTableViewCell4.m in Sources */ = {isa = PBXBuildFile; fileRef = 0446EB34223F9B8A00A86F32 /* NewGoodsTableViewCell4.m */; };
		0446EB37223F9B8A00A86F32 /* NewGoodsTableViewCell4.xib in Resources */ = {isa = PBXBuildFile; fileRef = 0446EB35223F9B8A00A86F32 /* NewGoodsTableViewCell4.xib */; };
		0446EB46223FEE7F00A86F32 /* LogCategory.m in Sources */ = {isa = PBXBuildFile; fileRef = 0446EB42223FEE7F00A86F32 /* LogCategory.m */; };
		0446EB4F224084D800A86F32 /* SortViewController.m in Sources */ = {isa = PBXBuildFile; fileRef = 0446EB4E224084D800A86F32 /* SortViewController.m */; };
		0446EB552240872800A86F32 /* SortTableViewCell.m in Sources */ = {isa = PBXBuildFile; fileRef = 0446EB532240872800A86F32 /* SortTableViewCell.m */; };
		0446EB562240872800A86F32 /* SortTableViewCell.xib in Resources */ = {isa = PBXBuildFile; fileRef = 0446EB542240872800A86F32 /* SortTableViewCell.xib */; };
		04577960223908B100D968EA /* RingSettingViewController.m in Sources */ = {isa = PBXBuildFile; fileRef = 0457795F223908B100D968EA /* RingSettingViewController.m */; };
		04A46A40225B4E6D00511C79 /* DiscountViewController.m in Sources */ = {isa = PBXBuildFile; fileRef = 04A46A3F225B4E6D00511C79 /* DiscountViewController.m */; };
		04A46A43225B54F400511C79 /* EmptyDiscountView.m in Sources */ = {isa = PBXBuildFile; fileRef = 04A46A42225B54F400511C79 /* EmptyDiscountView.m */; };
		04A46A45225B550600511C79 /* EmptyDiscountView.xib in Resources */ = {isa = PBXBuildFile; fileRef = 04A46A44225B550600511C79 /* EmptyDiscountView.xib */; };
		04A46A4B225C3A4F00511C79 /* AddActivityGoodsViewController.m in Sources */ = {isa = PBXBuildFile; fileRef = 04A46A4A225C3A4F00511C79 /* AddActivityGoodsViewController.m */; };
		04A46A54225C41FD00511C79 /* AddGoodsTableViewCell.m in Sources */ = {isa = PBXBuildFile; fileRef = 04A46A52225C41FD00511C79 /* AddGoodsTableViewCell.m */; };
		04A46A55225C41FD00511C79 /* AddGoodsTableViewCell.xib in Resources */ = {isa = PBXBuildFile; fileRef = 04A46A53225C41FD00511C79 /* AddGoodsTableViewCell.xib */; };
		04A46A58225C767500511C79 /* ActivityHeaderView.m in Sources */ = {isa = PBXBuildFile; fileRef = 04A46A57225C767500511C79 /* ActivityHeaderView.m */; };
		04A46A5A225C768800511C79 /* ActivityHeaderView.xib in Resources */ = {isa = PBXBuildFile; fileRef = 04A46A59225C768700511C79 /* ActivityHeaderView.xib */; };
		04A46A5E225C8A1200511C79 /* EditeActivityTableViewCell.m in Sources */ = {isa = PBXBuildFile; fileRef = 04A46A5C225C8A1200511C79 /* EditeActivityTableViewCell.m */; };
		04A46A5F225C8A1200511C79 /* EditeActivityTableViewCell.xib in Resources */ = {isa = PBXBuildFile; fileRef = 04A46A5D225C8A1200511C79 /* EditeActivityTableViewCell.xib */; };
		04C618482237874600773B7C /* MeViewController.m in Sources */ = {isa = PBXBuildFile; fileRef = 04C618472237874600773B7C /* MeViewController.m */; };
		04C6184B2237876900773B7C /* ShopViewController.m in Sources */ = {isa = PBXBuildFile; fileRef = 04C6184A2237876900773B7C /* ShopViewController.m */; };
		04C6184E2237878800773B7C /* OrderManagementViewController.m in Sources */ = {isa = PBXBuildFile; fileRef = 04C6184D2237878800773B7C /* OrderManagementViewController.m */; };
		04C61851223787A400773B7C /* WaitDealwithViewController.m in Sources */ = {isa = PBXBuildFile; fileRef = 04C61850223787A400773B7C /* WaitDealwithViewController.m */; };
		04C6185422378B5700773B7C /* TabBarController.m in Sources */ = {isa = PBXBuildFile; fileRef = 04C6185322378B5700773B7C /* TabBarController.m */; };
		04C61858223790B000773B7C /* NavigationViewController.m in Sources */ = {isa = PBXBuildFile; fileRef = 04C61857223790B000773B7C /* NavigationViewController.m */; };
		04C6185F2237B6CE00773B7C /* BackgroundView.m in Sources */ = {isa = PBXBuildFile; fileRef = 04C6185E2237B6CE00773B7C /* BackgroundView.m */; };
		04C618672238A24C00773B7C /* ZJTopImageBottomTitleButton.m in Sources */ = {isa = PBXBuildFile; fileRef = 04C618662238A24C00773B7C /* ZJTopImageBottomTitleButton.m */; };
		04C6186A2238CFB000773B7C /* ShopSetViewController.m in Sources */ = {isa = PBXBuildFile; fileRef = 04C618692238CFB000773B7C /* ShopSetViewController.m */; };
		04C6186E2238D04B00773B7C /* ShopSetTableViewCell1.m in Sources */ = {isa = PBXBuildFile; fileRef = 04C6186C2238D04B00773B7C /* ShopSetTableViewCell1.m */; };
		04C6186F2238D04B00773B7C /* ShopSetTableViewCell1.xib in Resources */ = {isa = PBXBuildFile; fileRef = 04C6186D2238D04B00773B7C /* ShopSetTableViewCell1.xib */; };
		04C618732238DC9E00773B7C /* ShopSetTableViewCell2.m in Sources */ = {isa = PBXBuildFile; fileRef = 04C618712238DC9E00773B7C /* ShopSetTableViewCell2.m */; };
		04C618742238DC9E00773B7C /* ShopSetTableViewCell2.xib in Resources */ = {isa = PBXBuildFile; fileRef = 04C618722238DC9E00773B7C /* ShopSetTableViewCell2.xib */; };
		04C618782238DDE600773B7C /* ShopSetTableViewCell3.m in Sources */ = {isa = PBXBuildFile; fileRef = 04C618762238DDE600773B7C /* ShopSetTableViewCell3.m */; };
		04C618792238DDE600773B7C /* ShopSetTableViewCell3.xib in Resources */ = {isa = PBXBuildFile; fileRef = 04C618772238DDE600773B7C /* ShopSetTableViewCell3.xib */; };
		04C6187D2238FC2600773B7C /* ShopSetTableViewCell4.m in Sources */ = {isa = PBXBuildFile; fileRef = 04C6187B2238FC2600773B7C /* ShopSetTableViewCell4.m */; };
		04C6187E2238FC2600773B7C /* ShopSetTableViewCell4.xib in Resources */ = {isa = PBXBuildFile; fileRef = 04C6187C2238FC2600773B7C /* ShopSetTableViewCell4.xib */; };
		04F212AF224B566B00611664 /* NewCatergoryViewController.m in Sources */ = {isa = PBXBuildFile; fileRef = 04F212AE224B566B00611664 /* NewCatergoryViewController.m */; };
		04F212B2224B79C000611664 /* JXMovableCellTableView.m in Sources */ = {isa = PBXBuildFile; fileRef = 04F212B1224B79C000611664 /* JXMovableCellTableView.m */; };
		04F212B6224CA7F100611664 /* NoImageTableViewCell.m in Sources */ = {isa = PBXBuildFile; fileRef = 04F212B4224CA7F100611664 /* NoImageTableViewCell.m */; };
		04F212B7224CA7F100611664 /* NoImageTableViewCell.xib in Resources */ = {isa = PBXBuildFile; fileRef = 04F212B5224CA7F100611664 /* NoImageTableViewCell.xib */; };
		04F212BB224CAAC900611664 /* NoImageWithReplyTableViewCell.m in Sources */ = {isa = PBXBuildFile; fileRef = 04F212B9224CAAC900611664 /* NoImageWithReplyTableViewCell.m */; };
		04F212BC224CAAC900611664 /* NoImageWithReplyTableViewCell.xib in Resources */ = {isa = PBXBuildFile; fileRef = 04F212BA224CAAC900611664 /* NoImageWithReplyTableViewCell.xib */; };
		04F212C0224DB82400611664 /* OrderModel.m in Sources */ = {isa = PBXBuildFile; fileRef = 04F212BF224DB82400611664 /* OrderModel.m */; };
		04F212C72251B75200611664 /* UIView+LC.m in Sources */ = {isa = PBXBuildFile; fileRef = 04F212C62251B75200611664 /* UIView+LC.m */; };
		04F212CA2251B77600611664 /* CALayer+BorderColor.m in Sources */ = {isa = PBXBuildFile; fileRef = 04F212C92251B77600611664 /* CALayer+BorderColor.m */; };
		04F5B7D822390AE100E36E3C /* NewsSettingview.m in Sources */ = {isa = PBXBuildFile; fileRef = 04F5B7D722390AE100E36E3C /* NewsSettingview.m */; };
		04F5B7DA22390B0500E36E3C /* NewsSettingview.xib in Resources */ = {isa = PBXBuildFile; fileRef = 04F5B7D922390B0500E36E3C /* NewsSettingview.xib */; };
		04F61DE722364E16004986E0 /* AppDelegate.m in Sources */ = {isa = PBXBuildFile; fileRef = 04F61DE622364E16004986E0 /* AppDelegate.m */; };
		04F61DEA22364E16004986E0 /* LoginInViewController.m in Sources */ = {isa = PBXBuildFile; fileRef = 04F61DE922364E16004986E0 /* LoginInViewController.m */; };
		04F61DED22364E16004986E0 /* Main.storyboard in Resources */ = {isa = PBXBuildFile; fileRef = 04F61DEB22364E16004986E0 /* Main.storyboard */; };
		04F61DEF22364E18004986E0 /* Assets.xcassets in Resources */ = {isa = PBXBuildFile; fileRef = 04F61DEE22364E18004986E0 /* Assets.xcassets */; };
		04F61DF222364E18004986E0 /* LaunchScreen.storyboard in Resources */ = {isa = PBXBuildFile; fileRef = 04F61DF022364E18004986E0 /* LaunchScreen.storyboard */; };
		04F61DF522364E18004986E0 /* main.m in Sources */ = {isa = PBXBuildFile; fileRef = 04F61DF422364E18004986E0 /* main.m */; };
		04F61DFF22364E18004986E0 /* MerShopTests.m in Sources */ = {isa = PBXBuildFile; fileRef = 04F61DFE22364E18004986E0 /* MerShopTests.m */; };
		04F61E0A22364E18004986E0 /* MerShopUITests.m in Sources */ = {isa = PBXBuildFile; fileRef = 04F61E0922364E18004986E0 /* MerShopUITests.m */; };
		04F61E2022366583004986E0 /* BasicViewController.m in Sources */ = {isa = PBXBuildFile; fileRef = 04F61E1F22366583004986E0 /* BasicViewController.m */; };
		04FB88022249C7FC008BEFCB /* PhoneNumberSettingViewController.m in Sources */ = {isa = PBXBuildFile; fileRef = 04FB88012249C7FC008BEFCB /* PhoneNumberSettingViewController.m */; };
		04FB88052249CE5A008BEFCB /* BusinessLicenseViewController.m in Sources */ = {isa = PBXBuildFile; fileRef = 04FB88042249CE5A008BEFCB /* BusinessLicenseViewController.m */; };
		04FB880A224A1AC0008BEFCB /* GoodsModel.m in Sources */ = {isa = PBXBuildFile; fileRef = 04FB8809224A1AC0008BEFCB /* GoodsModel.m */; };
		04FD40BD224326F4000C9311 /* refuseView.m in Sources */ = {isa = PBXBuildFile; fileRef = 04FD40BC224326F4000C9311 /* refuseView.m */; };
		04FD40BF22432708000C9311 /* refuseView.xib in Resources */ = {isa = PBXBuildFile; fileRef = 04FD40BE22432708000C9311 /* refuseView.xib */; };
		04FD40C422436402000C9311 /* WaitDeliveryTableViewCell.m in Sources */ = {isa = PBXBuildFile; fileRef = 04FD40C222436402000C9311 /* WaitDeliveryTableViewCell.m */; };
		04FD40C522436402000C9311 /* WaitDeliveryTableViewCell.xib in Resources */ = {isa = PBXBuildFile; fileRef = 04FD40C322436402000C9311 /* WaitDeliveryTableViewCell.xib */; };
		04FD40C922436EA2000C9311 /* AllReadyDeliveryTableViewCell.m in Sources */ = {isa = PBXBuildFile; fileRef = 04FD40C722436EA2000C9311 /* AllReadyDeliveryTableViewCell.m */; };
		04FD40CA22436EA2000C9311 /* AllReadyDeliveryTableViewCell.xib in Resources */ = {isa = PBXBuildFile; fileRef = 04FD40C822436EA2000C9311 /* AllReadyDeliveryTableViewCell.xib */; };
		F99E8FF7E8026AB79818BE01 /* libPods-MerShop.a in Frameworks */ = {isa = PBXBuildFile; fileRef = 7D4CCEAA0C415E8AA40B68B5 /* libPods-MerShop.a */; };
/* End PBXBuildFile section */

/* Begin PBXContainerItemProxy section */
		04F61DFB22364E18004986E0 /* PBXContainerItemProxy */ = {
			isa = PBXContainerItemProxy;
			containerPortal = 04F61DDA22364E16004986E0 /* Project object */;
			proxyType = 1;
			remoteGlobalIDString = 04F61DE122364E16004986E0;
			remoteInfo = MerShop;
		};
		04F61E0622364E18004986E0 /* PBXContainerItemProxy */ = {
			isa = PBXContainerItemProxy;
			containerPortal = 04F61DDA22364E16004986E0 /* Project object */;
			proxyType = 1;
			remoteGlobalIDString = 04F61DE122364E16004986E0;
			remoteInfo = MerShop;
		};
/* End PBXContainerItemProxy section */

/* Begin PBXFileReference section */
		04235E4F225352E200B2FC40 /* EmptyOrderView.h */ = {isa = PBXFileReference; lastKnownFileType = sourcecode.c.h; path = EmptyOrderView.h; sourceTree = "<group>"; };
		04235E50225352E200B2FC40 /* EmptyOrderView.m */ = {isa = PBXFileReference; lastKnownFileType = sourcecode.c.objc; path = EmptyOrderView.m; sourceTree = "<group>"; };
		04235E522253531500B2FC40 /* EmptyOrderView.xib */ = {isa = PBXFileReference; lastKnownFileType = file.xib; path = EmptyOrderView.xib; sourceTree = "<group>"; };
		042B181C2240CB76004D372A /* UserEvaluationTableViewCell.h */ = {isa = PBXFileReference; lastKnownFileType = sourcecode.c.h; path = UserEvaluationTableViewCell.h; sourceTree = "<group>"; };
		042B181D2240CB76004D372A /* UserEvaluationTableViewCell.m */ = {isa = PBXFileReference; lastKnownFileType = sourcecode.c.objc; path = UserEvaluationTableViewCell.m; sourceTree = "<group>"; };
		042B181E2240CB76004D372A /* UserEvaluationTableViewCell.xib */ = {isa = PBXFileReference; lastKnownFileType = file.xib; path = UserEvaluationTableViewCell.xib; sourceTree = "<group>"; };
		042B18262240EA3E004D372A /* UserEvaluationTableViewCell1.h */ = {isa = PBXFileReference; lastKnownFileType = sourcecode.c.h; path = UserEvaluationTableViewCell1.h; sourceTree = "<group>"; };
		042B18272240EA3E004D372A /* UserEvaluationTableViewCell1.m */ = {isa = PBXFileReference; lastKnownFileType = sourcecode.c.objc; path = UserEvaluationTableViewCell1.m; sourceTree = "<group>"; };
		042B18282240EA3E004D372A /* UserEvaluationTableViewCell1.xib */ = {isa = PBXFileReference; lastKnownFileType = file.xib; path = UserEvaluationTableViewCell1.xib; sourceTree = "<group>"; };
		042B182B2240F6F2004D372A /* HeaderView1.h */ = {isa = PBXFileReference; lastKnownFileType = sourcecode.c.h; path = HeaderView1.h; sourceTree = "<group>"; };
		042B182C2240F6F2004D372A /* HeaderView1.m */ = {isa = PBXFileReference; lastKnownFileType = sourcecode.c.objc; path = HeaderView1.m; sourceTree = "<group>"; };
		042B182E2240F704004D372A /* HeaderView1.xib */ = {isa = PBXFileReference; lastKnownFileType = file.xib; path = HeaderView1.xib; sourceTree = "<group>"; };
		042B18A422411416004D372A /* IFTools.h */ = {isa = PBXFileReference; lastKnownFileType = sourcecode.c.h; path = IFTools.h; sourceTree = "<group>"; };
		042B18A522411416004D372A /* IFTools.m */ = {isa = PBXFileReference; lastKnownFileType = sourcecode.c.objc; path = IFTools.m; sourceTree = "<group>"; };
		042B19262241D05F004D372A /* NewOrderTableViewCell1.h */ = {isa = PBXFileReference; lastKnownFileType = sourcecode.c.h; path = NewOrderTableViewCell1.h; sourceTree = "<group>"; };
		042B19272241D05F004D372A /* NewOrderTableViewCell1.m */ = {isa = PBXFileReference; lastKnownFileType = sourcecode.c.objc; path = NewOrderTableViewCell1.m; sourceTree = "<group>"; };
		042B19282241D05F004D372A /* NewOrderTableViewCell1.xib */ = {isa = PBXFileReference; lastKnownFileType = file.xib; path = NewOrderTableViewCell1.xib; sourceTree = "<group>"; };
		042B19362242383D004D372A /* NewOrderModel.h */ = {isa = PBXFileReference; lastKnownFileType = sourcecode.c.h; path = NewOrderModel.h; sourceTree = "<group>"; };
		042B19372242383D004D372A /* NewOrderModel.m */ = {isa = PBXFileReference; lastKnownFileType = sourcecode.c.objc; path = NewOrderModel.m; sourceTree = "<group>"; };
		0446EAB62239251100A86F32 /* BusinessStatusViewController.h */ = {isa = PBXFileReference; lastKnownFileType = sourcecode.c.h; path = BusinessStatusViewController.h; sourceTree = "<group>"; };
		0446EAB72239251100A86F32 /* BusinessStatusViewController.m */ = {isa = PBXFileReference; lastKnownFileType = sourcecode.c.objc; path = BusinessStatusViewController.m; sourceTree = "<group>"; };
		0446EAB92239319900A86F32 /* FeedbackViewController.h */ = {isa = PBXFileReference; lastKnownFileType = sourcecode.c.h; path = FeedbackViewController.h; sourceTree = "<group>"; };
		0446EABA2239319900A86F32 /* FeedbackViewController.m */ = {isa = PBXFileReference; lastKnownFileType = sourcecode.c.objc; path = FeedbackViewController.m; sourceTree = "<group>"; };
		0446EABC2239EDD400A86F32 /* AccountSecurityViewController.h */ = {isa = PBXFileReference; lastKnownFileType = sourcecode.c.h; path = AccountSecurityViewController.h; sourceTree = "<group>"; };
		0446EABD2239EDD400A86F32 /* AccountSecurityViewController.m */ = {isa = PBXFileReference; lastKnownFileType = sourcecode.c.objc; path = AccountSecurityViewController.m; sourceTree = "<group>"; };
		0446EACF2239F71E00A86F32 /* ChangePasswordViewController.h */ = {isa = PBXFileReference; lastKnownFileType = sourcecode.c.h; path = ChangePasswordViewController.h; sourceTree = "<group>"; };
		0446EAD02239F71E00A86F32 /* ChangePasswordViewController.m */ = {isa = PBXFileReference; lastKnownFileType = sourcecode.c.objc; path = ChangePasswordViewController.m; sourceTree = "<group>"; };
		0446EAD2223A36DC00A86F32 /* PhoneNumberView.h */ = {isa = PBXFileReference; lastKnownFileType = sourcecode.c.h; path = PhoneNumberView.h; sourceTree = "<group>"; };
		0446EAD3223A36DC00A86F32 /* PhoneNumberView.m */ = {isa = PBXFileReference; lastKnownFileType = sourcecode.c.objc; path = PhoneNumberView.m; sourceTree = "<group>"; };
		0446EAD9223A5AD600A86F32 /* RestaurantNoticeViewController.h */ = {isa = PBXFileReference; lastKnownFileType = sourcecode.c.h; path = RestaurantNoticeViewController.h; sourceTree = "<group>"; };
		0446EADA223A5AD600A86F32 /* RestaurantNoticeViewController.m */ = {isa = PBXFileReference; lastKnownFileType = sourcecode.c.objc; path = RestaurantNoticeViewController.m; sourceTree = "<group>"; };
		0446EAE0223B441200A86F32 /* HeaderView.h */ = {isa = PBXFileReference; lastKnownFileType = sourcecode.c.h; path = HeaderView.h; sourceTree = "<group>"; };
		0446EAE1223B441200A86F32 /* HeaderView.m */ = {isa = PBXFileReference; lastKnownFileType = sourcecode.c.objc; path = HeaderView.m; sourceTree = "<group>"; };
		0446EAE3223B441F00A86F32 /* HeaderView.xib */ = {isa = PBXFileReference; lastKnownFileType = file.xib; path = HeaderView.xib; sourceTree = "<group>"; };
		0446EAE5223B7A3800A86F32 /* TableViewCell.h */ = {isa = PBXFileReference; lastKnownFileType = sourcecode.c.h; path = TableViewCell.h; sourceTree = "<group>"; };
		0446EAE6223B7A3800A86F32 /* TableViewCell.m */ = {isa = PBXFileReference; lastKnownFileType = sourcecode.c.objc; path = TableViewCell.m; sourceTree = "<group>"; };
		0446EAE7223B7A3800A86F32 /* TableViewCell.xib */ = {isa = PBXFileReference; lastKnownFileType = file.xib; path = TableViewCell.xib; sourceTree = "<group>"; };
		0446EAEA223B8B4A00A86F32 /* GoodsManagementViewController.h */ = {isa = PBXFileReference; lastKnownFileType = sourcecode.c.h; path = GoodsManagementViewController.h; sourceTree = "<group>"; };
		0446EAEB223B8B4A00A86F32 /* GoodsManagementViewController.m */ = {isa = PBXFileReference; lastKnownFileType = sourcecode.c.objc; path = GoodsManagementViewController.m; sourceTree = "<group>"; };
		0446EAED223B926D00A86F32 /* GoodsTableViewCell.h */ = {isa = PBXFileReference; lastKnownFileType = sourcecode.c.h; path = GoodsTableViewCell.h; sourceTree = "<group>"; };
		0446EAEE223B926D00A86F32 /* GoodsTableViewCell.m */ = {isa = PBXFileReference; lastKnownFileType = sourcecode.c.objc; path = GoodsTableViewCell.m; sourceTree = "<group>"; };
		0446EAEF223B926D00A86F32 /* GoodsTableViewCell.xib */ = {isa = PBXFileReference; lastKnownFileType = file.xib; path = GoodsTableViewCell.xib; sourceTree = "<group>"; };
		0446EAF2223BB7E100A86F32 /* UserEvaluationViewController.h */ = {isa = PBXFileReference; lastKnownFileType = sourcecode.c.h; path = UserEvaluationViewController.h; sourceTree = "<group>"; };
		0446EAF3223BB7E100A86F32 /* UserEvaluationViewController.m */ = {isa = PBXFileReference; lastKnownFileType = sourcecode.c.objc; path = UserEvaluationViewController.m; sourceTree = "<group>"; };
		0446EAF5223BB8CD00A86F32 /* ManageViewController.h */ = {isa = PBXFileReference; lastKnownFileType = sourcecode.c.h; path = ManageViewController.h; sourceTree = "<group>"; };
		0446EAF6223BB8CD00A86F32 /* ManageViewController.m */ = {isa = PBXFileReference; lastKnownFileType = sourcecode.c.objc; path = ManageViewController.m; sourceTree = "<group>"; };
		0446EAF9223E1B9D00A86F32 /* Http_url.h */ = {isa = PBXFileReference; lastKnownFileType = sourcecode.c.h; path = Http_url.h; sourceTree = "<group>"; };
		0446EAFA223E1B9D00A86F32 /* Http_url.m */ = {isa = PBXFileReference; lastKnownFileType = sourcecode.c.objc; path = Http_url.m; sourceTree = "<group>"; };
		0446EAFF223E439D00A86F32 /* SVProgressHUD.bundle */ = {isa = PBXFileReference; lastKnownFileType = "wrapper.plug-in"; path = SVProgressHUD.bundle; sourceTree = "<group>"; };
		0446EB00223E439D00A86F32 /* SVRadialGradientLayer.m */ = {isa = PBXFileReference; fileEncoding = 4; lastKnownFileType = sourcecode.c.objc; path = SVRadialGradientLayer.m; sourceTree = "<group>"; };
		0446EB01223E439D00A86F32 /* SVProgressHUD.h */ = {isa = PBXFileReference; fileEncoding = 4; lastKnownFileType = sourcecode.c.h; path = SVProgressHUD.h; sourceTree = "<group>"; };
		0446EB02223E439D00A86F32 /* SVProgressAnimatedView.h */ = {isa = PBXFileReference; fileEncoding = 4; lastKnownFileType = sourcecode.c.h; path = SVProgressAnimatedView.h; sourceTree = "<group>"; };
		0446EB03223E439E00A86F32 /* SVRadialGradientLayer.h */ = {isa = PBXFileReference; fileEncoding = 4; lastKnownFileType = sourcecode.c.h; path = SVRadialGradientLayer.h; sourceTree = "<group>"; };
		0446EB04223E439E00A86F32 /* SVProgressHUD-Prefix.pch */ = {isa = PBXFileReference; fileEncoding = 4; lastKnownFileType = sourcecode.c.h; path = "SVProgressHUD-Prefix.pch"; sourceTree = "<group>"; };
		0446EB05223E439E00A86F32 /* SVProgressAnimatedView.m */ = {isa = PBXFileReference; fileEncoding = 4; lastKnownFileType = sourcecode.c.objc; path = SVProgressAnimatedView.m; sourceTree = "<group>"; };
		0446EB06223E439E00A86F32 /* SVIndefiniteAnimatedView.h */ = {isa = PBXFileReference; fileEncoding = 4; lastKnownFileType = sourcecode.c.h; path = SVIndefiniteAnimatedView.h; sourceTree = "<group>"; };
		0446EB07223E439E00A86F32 /* SVIndefiniteAnimatedView.m */ = {isa = PBXFileReference; fileEncoding = 4; lastKnownFileType = sourcecode.c.objc; path = SVIndefiniteAnimatedView.m; sourceTree = "<group>"; };
		0446EB08223E439F00A86F32 /* SVProgressHUD.m */ = {isa = PBXFileReference; fileEncoding = 4; lastKnownFileType = sourcecode.c.objc; path = SVProgressHUD.m; sourceTree = "<group>"; };
		0446EB0E223E447600A86F32 /* IFUtils.h */ = {isa = PBXFileReference; lastKnownFileType = sourcecode.c.h; path = IFUtils.h; sourceTree = "<group>"; };
		0446EB0F223E447600A86F32 /* IFUtils.m */ = {isa = PBXFileReference; lastKnownFileType = sourcecode.c.objc; path = IFUtils.m; sourceTree = "<group>"; };
		0446EB11223F3AE000A86F32 /* CreateGoodsViewController.h */ = {isa = PBXFileReference; lastKnownFileType = sourcecode.c.h; path = CreateGoodsViewController.h; sourceTree = "<group>"; };
		0446EB12223F3AE000A86F32 /* CreateGoodsViewController.m */ = {isa = PBXFileReference; lastKnownFileType = sourcecode.c.objc; path = CreateGoodsViewController.m; sourceTree = "<group>"; };
		0446EB14223F4C1A00A86F32 /* ManageCatergoryViewController.h */ = {isa = PBXFileReference; lastKnownFileType = sourcecode.c.h; path = ManageCatergoryViewController.h; sourceTree = "<group>"; };
		0446EB15223F4C1A00A86F32 /* ManageCatergoryViewController.m */ = {isa = PBXFileReference; lastKnownFileType = sourcecode.c.objc; path = ManageCatergoryViewController.m; sourceTree = "<group>"; };
		0446EB17223F6BFF00A86F32 /* ManageCatergoryTableViewCell.h */ = {isa = PBXFileReference; lastKnownFileType = sourcecode.c.h; path = ManageCatergoryTableViewCell.h; sourceTree = "<group>"; };
		0446EB18223F6BFF00A86F32 /* ManageCatergoryTableViewCell.m */ = {isa = PBXFileReference; lastKnownFileType = sourcecode.c.objc; path = ManageCatergoryTableViewCell.m; sourceTree = "<group>"; };
		0446EB19223F6BFF00A86F32 /* ManageCatergoryTableViewCell.xib */ = {isa = PBXFileReference; lastKnownFileType = file.xib; path = ManageCatergoryTableViewCell.xib; sourceTree = "<group>"; };
		0446EB21223F86BC00A86F32 /* CreateNewGoodsViewController.h */ = {isa = PBXFileReference; lastKnownFileType = sourcecode.c.h; path = CreateNewGoodsViewController.h; sourceTree = "<group>"; };
		0446EB22223F86BC00A86F32 /* CreateNewGoodsViewController.m */ = {isa = PBXFileReference; lastKnownFileType = sourcecode.c.objc; path = CreateNewGoodsViewController.m; sourceTree = "<group>"; };
		0446EB24223F874C00A86F32 /* NewGoodsTableViewCell1.h */ = {isa = PBXFileReference; lastKnownFileType = sourcecode.c.h; path = NewGoodsTableViewCell1.h; sourceTree = "<group>"; };
		0446EB25223F874C00A86F32 /* NewGoodsTableViewCell1.m */ = {isa = PBXFileReference; lastKnownFileType = sourcecode.c.objc; path = NewGoodsTableViewCell1.m; sourceTree = "<group>"; };
		0446EB26223F874C00A86F32 /* NewGoodsTableViewCell1.xib */ = {isa = PBXFileReference; lastKnownFileType = file.xib; path = NewGoodsTableViewCell1.xib; sourceTree = "<group>"; };
		0446EB29223F88EF00A86F32 /* NewGoodsTableViewCell2.h */ = {isa = PBXFileReference; lastKnownFileType = sourcecode.c.h; path = NewGoodsTableViewCell2.h; sourceTree = "<group>"; };
		0446EB2A223F88EF00A86F32 /* NewGoodsTableViewCell2.m */ = {isa = PBXFileReference; lastKnownFileType = sourcecode.c.objc; path = NewGoodsTableViewCell2.m; sourceTree = "<group>"; };
		0446EB2B223F88EF00A86F32 /* NewGoodsTableViewCell2.xib */ = {isa = PBXFileReference; lastKnownFileType = file.xib; path = NewGoodsTableViewCell2.xib; sourceTree = "<group>"; };
		0446EB2E223F8B0200A86F32 /* NewGoodsTableViewCell3.h */ = {isa = PBXFileReference; lastKnownFileType = sourcecode.c.h; path = NewGoodsTableViewCell3.h; sourceTree = "<group>"; };
		0446EB2F223F8B0200A86F32 /* NewGoodsTableViewCell3.m */ = {isa = PBXFileReference; lastKnownFileType = sourcecode.c.objc; path = NewGoodsTableViewCell3.m; sourceTree = "<group>"; };
		0446EB30223F8B0200A86F32 /* NewGoodsTableViewCell3.xib */ = {isa = PBXFileReference; lastKnownFileType = file.xib; path = NewGoodsTableViewCell3.xib; sourceTree = "<group>"; };
		0446EB33223F9B8A00A86F32 /* NewGoodsTableViewCell4.h */ = {isa = PBXFileReference; lastKnownFileType = sourcecode.c.h; path = NewGoodsTableViewCell4.h; sourceTree = "<group>"; };
		0446EB34223F9B8A00A86F32 /* NewGoodsTableViewCell4.m */ = {isa = PBXFileReference; lastKnownFileType = sourcecode.c.objc; path = NewGoodsTableViewCell4.m; sourceTree = "<group>"; };
		0446EB35223F9B8A00A86F32 /* NewGoodsTableViewCell4.xib */ = {isa = PBXFileReference; lastKnownFileType = file.xib; path = NewGoodsTableViewCell4.xib; sourceTree = "<group>"; };
		0446EB41223FEE7F00A86F32 /* LogCategory.h */ = {isa = PBXFileReference; fileEncoding = 4; lastKnownFileType = sourcecode.c.h; path = LogCategory.h; sourceTree = "<group>"; };
		0446EB42223FEE7F00A86F32 /* LogCategory.m */ = {isa = PBXFileReference; fileEncoding = 4; lastKnownFileType = sourcecode.c.objc; path = LogCategory.m; sourceTree = "<group>"; };
		0446EB4D224084D800A86F32 /* SortViewController.h */ = {isa = PBXFileReference; lastKnownFileType = sourcecode.c.h; path = SortViewController.h; sourceTree = "<group>"; };
		0446EB4E224084D800A86F32 /* SortViewController.m */ = {isa = PBXFileReference; lastKnownFileType = sourcecode.c.objc; path = SortViewController.m; sourceTree = "<group>"; };
		0446EB522240872800A86F32 /* SortTableViewCell.h */ = {isa = PBXFileReference; lastKnownFileType = sourcecode.c.h; path = SortTableViewCell.h; sourceTree = "<group>"; };
		0446EB532240872800A86F32 /* SortTableViewCell.m */ = {isa = PBXFileReference; lastKnownFileType = sourcecode.c.objc; path = SortTableViewCell.m; sourceTree = "<group>"; };
		0446EB542240872800A86F32 /* SortTableViewCell.xib */ = {isa = PBXFileReference; lastKnownFileType = file.xib; path = SortTableViewCell.xib; sourceTree = "<group>"; };
		0457795E223908B100D968EA /* RingSettingViewController.h */ = {isa = PBXFileReference; lastKnownFileType = sourcecode.c.h; path = RingSettingViewController.h; sourceTree = "<group>"; };
		0457795F223908B100D968EA /* RingSettingViewController.m */ = {isa = PBXFileReference; lastKnownFileType = sourcecode.c.objc; path = RingSettingViewController.m; sourceTree = "<group>"; };
		04A46A3E225B4E6D00511C79 /* DiscountViewController.h */ = {isa = PBXFileReference; lastKnownFileType = sourcecode.c.h; path = DiscountViewController.h; sourceTree = "<group>"; };
		04A46A3F225B4E6D00511C79 /* DiscountViewController.m */ = {isa = PBXFileReference; lastKnownFileType = sourcecode.c.objc; path = DiscountViewController.m; sourceTree = "<group>"; };
		04A46A41225B54F400511C79 /* EmptyDiscountView.h */ = {isa = PBXFileReference; lastKnownFileType = sourcecode.c.h; path = EmptyDiscountView.h; sourceTree = "<group>"; };
		04A46A42225B54F400511C79 /* EmptyDiscountView.m */ = {isa = PBXFileReference; lastKnownFileType = sourcecode.c.objc; path = EmptyDiscountView.m; sourceTree = "<group>"; };
		04A46A44225B550600511C79 /* EmptyDiscountView.xib */ = {isa = PBXFileReference; lastKnownFileType = file.xib; path = EmptyDiscountView.xib; sourceTree = "<group>"; };
		04A46A49225C3A4F00511C79 /* AddActivityGoodsViewController.h */ = {isa = PBXFileReference; lastKnownFileType = sourcecode.c.h; path = AddActivityGoodsViewController.h; sourceTree = "<group>"; };
		04A46A4A225C3A4F00511C79 /* AddActivityGoodsViewController.m */ = {isa = PBXFileReference; lastKnownFileType = sourcecode.c.objc; path = AddActivityGoodsViewController.m; sourceTree = "<group>"; };
		04A46A51225C41FD00511C79 /* AddGoodsTableViewCell.h */ = {isa = PBXFileReference; lastKnownFileType = sourcecode.c.h; path = AddGoodsTableViewCell.h; sourceTree = "<group>"; };
		04A46A52225C41FD00511C79 /* AddGoodsTableViewCell.m */ = {isa = PBXFileReference; lastKnownFileType = sourcecode.c.objc; path = AddGoodsTableViewCell.m; sourceTree = "<group>"; };
		04A46A53225C41FD00511C79 /* AddGoodsTableViewCell.xib */ = {isa = PBXFileReference; lastKnownFileType = file.xib; path = AddGoodsTableViewCell.xib; sourceTree = "<group>"; };
		04A46A56225C767500511C79 /* ActivityHeaderView.h */ = {isa = PBXFileReference; lastKnownFileType = sourcecode.c.h; path = ActivityHeaderView.h; sourceTree = "<group>"; };
		04A46A57225C767500511C79 /* ActivityHeaderView.m */ = {isa = PBXFileReference; lastKnownFileType = sourcecode.c.objc; path = ActivityHeaderView.m; sourceTree = "<group>"; };
		04A46A59225C768700511C79 /* ActivityHeaderView.xib */ = {isa = PBXFileReference; lastKnownFileType = file.xib; path = ActivityHeaderView.xib; sourceTree = "<group>"; };
		04A46A5B225C8A1200511C79 /* EditeActivityTableViewCell.h */ = {isa = PBXFileReference; lastKnownFileType = sourcecode.c.h; path = EditeActivityTableViewCell.h; sourceTree = "<group>"; };
		04A46A5C225C8A1200511C79 /* EditeActivityTableViewCell.m */ = {isa = PBXFileReference; lastKnownFileType = sourcecode.c.objc; path = EditeActivityTableViewCell.m; sourceTree = "<group>"; };
		04A46A5D225C8A1200511C79 /* EditeActivityTableViewCell.xib */ = {isa = PBXFileReference; lastKnownFileType = file.xib; path = EditeActivityTableViewCell.xib; sourceTree = "<group>"; };
		04C618462237874600773B7C /* MeViewController.h */ = {isa = PBXFileReference; lastKnownFileType = sourcecode.c.h; path = MeViewController.h; sourceTree = "<group>"; };
		04C618472237874600773B7C /* MeViewController.m */ = {isa = PBXFileReference; lastKnownFileType = sourcecode.c.objc; path = MeViewController.m; sourceTree = "<group>"; };
		04C618492237876900773B7C /* ShopViewController.h */ = {isa = PBXFileReference; lastKnownFileType = sourcecode.c.h; path = ShopViewController.h; sourceTree = "<group>"; };
		04C6184A2237876900773B7C /* ShopViewController.m */ = {isa = PBXFileReference; lastKnownFileType = sourcecode.c.objc; path = ShopViewController.m; sourceTree = "<group>"; };
		04C6184C2237878800773B7C /* OrderManagementViewController.h */ = {isa = PBXFileReference; lastKnownFileType = sourcecode.c.h; path = OrderManagementViewController.h; sourceTree = "<group>"; };
		04C6184D2237878800773B7C /* OrderManagementViewController.m */ = {isa = PBXFileReference; lastKnownFileType = sourcecode.c.objc; path = OrderManagementViewController.m; sourceTree = "<group>"; };
		04C6184F223787A400773B7C /* WaitDealwithViewController.h */ = {isa = PBXFileReference; lastKnownFileType = sourcecode.c.h; path = WaitDealwithViewController.h; sourceTree = "<group>"; };
		04C61850223787A400773B7C /* WaitDealwithViewController.m */ = {isa = PBXFileReference; lastKnownFileType = sourcecode.c.objc; path = WaitDealwithViewController.m; sourceTree = "<group>"; };
		04C6185222378B5700773B7C /* TabBarController.h */ = {isa = PBXFileReference; lastKnownFileType = sourcecode.c.h; path = TabBarController.h; sourceTree = "<group>"; };
		04C6185322378B5700773B7C /* TabBarController.m */ = {isa = PBXFileReference; lastKnownFileType = sourcecode.c.objc; path = TabBarController.m; sourceTree = "<group>"; };
		04C61856223790B000773B7C /* NavigationViewController.h */ = {isa = PBXFileReference; lastKnownFileType = sourcecode.c.h; path = NavigationViewController.h; sourceTree = "<group>"; };
		04C61857223790B000773B7C /* NavigationViewController.m */ = {isa = PBXFileReference; lastKnownFileType = sourcecode.c.objc; path = NavigationViewController.m; sourceTree = "<group>"; };
		04C6185D2237B6CE00773B7C /* BackgroundView.h */ = {isa = PBXFileReference; lastKnownFileType = sourcecode.c.h; path = BackgroundView.h; sourceTree = "<group>"; };
		04C6185E2237B6CE00773B7C /* BackgroundView.m */ = {isa = PBXFileReference; lastKnownFileType = sourcecode.c.objc; path = BackgroundView.m; sourceTree = "<group>"; };
		04C618652238A24C00773B7C /* ZJTopImageBottomTitleButton.h */ = {isa = PBXFileReference; fileEncoding = 4; lastKnownFileType = sourcecode.c.h; path = ZJTopImageBottomTitleButton.h; sourceTree = "<group>"; };
		04C618662238A24C00773B7C /* ZJTopImageBottomTitleButton.m */ = {isa = PBXFileReference; fileEncoding = 4; lastKnownFileType = sourcecode.c.objc; path = ZJTopImageBottomTitleButton.m; sourceTree = "<group>"; };
		04C618682238CFB000773B7C /* ShopSetViewController.h */ = {isa = PBXFileReference; lastKnownFileType = sourcecode.c.h; path = ShopSetViewController.h; sourceTree = "<group>"; };
		04C618692238CFB000773B7C /* ShopSetViewController.m */ = {isa = PBXFileReference; lastKnownFileType = sourcecode.c.objc; path = ShopSetViewController.m; sourceTree = "<group>"; };
		04C6186B2238D04B00773B7C /* ShopSetTableViewCell1.h */ = {isa = PBXFileReference; lastKnownFileType = sourcecode.c.h; path = ShopSetTableViewCell1.h; sourceTree = "<group>"; };
		04C6186C2238D04B00773B7C /* ShopSetTableViewCell1.m */ = {isa = PBXFileReference; lastKnownFileType = sourcecode.c.objc; path = ShopSetTableViewCell1.m; sourceTree = "<group>"; };
		04C6186D2238D04B00773B7C /* ShopSetTableViewCell1.xib */ = {isa = PBXFileReference; lastKnownFileType = file.xib; path = ShopSetTableViewCell1.xib; sourceTree = "<group>"; };
		04C618702238DC9E00773B7C /* ShopSetTableViewCell2.h */ = {isa = PBXFileReference; lastKnownFileType = sourcecode.c.h; path = ShopSetTableViewCell2.h; sourceTree = "<group>"; };
		04C618712238DC9E00773B7C /* ShopSetTableViewCell2.m */ = {isa = PBXFileReference; lastKnownFileType = sourcecode.c.objc; path = ShopSetTableViewCell2.m; sourceTree = "<group>"; };
		04C618722238DC9E00773B7C /* ShopSetTableViewCell2.xib */ = {isa = PBXFileReference; lastKnownFileType = file.xib; path = ShopSetTableViewCell2.xib; sourceTree = "<group>"; };
		04C618752238DDE600773B7C /* ShopSetTableViewCell3.h */ = {isa = PBXFileReference; lastKnownFileType = sourcecode.c.h; path = ShopSetTableViewCell3.h; sourceTree = "<group>"; };
		04C618762238DDE600773B7C /* ShopSetTableViewCell3.m */ = {isa = PBXFileReference; lastKnownFileType = sourcecode.c.objc; path = ShopSetTableViewCell3.m; sourceTree = "<group>"; };
		04C618772238DDE600773B7C /* ShopSetTableViewCell3.xib */ = {isa = PBXFileReference; lastKnownFileType = file.xib; path = ShopSetTableViewCell3.xib; sourceTree = "<group>"; };
		04C6187A2238FC2600773B7C /* ShopSetTableViewCell4.h */ = {isa = PBXFileReference; lastKnownFileType = sourcecode.c.h; path = ShopSetTableViewCell4.h; sourceTree = "<group>"; };
		04C6187B2238FC2600773B7C /* ShopSetTableViewCell4.m */ = {isa = PBXFileReference; lastKnownFileType = sourcecode.c.objc; path = ShopSetTableViewCell4.m; sourceTree = "<group>"; };
		04C6187C2238FC2600773B7C /* ShopSetTableViewCell4.xib */ = {isa = PBXFileReference; lastKnownFileType = file.xib; path = ShopSetTableViewCell4.xib; sourceTree = "<group>"; };
		04F212AD224B566B00611664 /* NewCatergoryViewController.h */ = {isa = PBXFileReference; lastKnownFileType = sourcecode.c.h; path = NewCatergoryViewController.h; sourceTree = "<group>"; };
		04F212AE224B566B00611664 /* NewCatergoryViewController.m */ = {isa = PBXFileReference; lastKnownFileType = sourcecode.c.objc; path = NewCatergoryViewController.m; sourceTree = "<group>"; };
		04F212B0224B79C000611664 /* JXMovableCellTableView.h */ = {isa = PBXFileReference; fileEncoding = 4; lastKnownFileType = sourcecode.c.h; path = JXMovableCellTableView.h; sourceTree = "<group>"; };
		04F212B1224B79C000611664 /* JXMovableCellTableView.m */ = {isa = PBXFileReference; fileEncoding = 4; lastKnownFileType = sourcecode.c.objc; path = JXMovableCellTableView.m; sourceTree = "<group>"; };
		04F212B3224CA7F100611664 /* NoImageTableViewCell.h */ = {isa = PBXFileReference; lastKnownFileType = sourcecode.c.h; path = NoImageTableViewCell.h; sourceTree = "<group>"; };
		04F212B4224CA7F100611664 /* NoImageTableViewCell.m */ = {isa = PBXFileReference; lastKnownFileType = sourcecode.c.objc; path = NoImageTableViewCell.m; sourceTree = "<group>"; };
		04F212B5224CA7F100611664 /* NoImageTableViewCell.xib */ = {isa = PBXFileReference; lastKnownFileType = file.xib; path = NoImageTableViewCell.xib; sourceTree = "<group>"; };
		04F212B8224CAAC900611664 /* NoImageWithReplyTableViewCell.h */ = {isa = PBXFileReference; lastKnownFileType = sourcecode.c.h; path = NoImageWithReplyTableViewCell.h; sourceTree = "<group>"; };
		04F212B9224CAAC900611664 /* NoImageWithReplyTableViewCell.m */ = {isa = PBXFileReference; lastKnownFileType = sourcecode.c.objc; path = NoImageWithReplyTableViewCell.m; sourceTree = "<group>"; };
		04F212BA224CAAC900611664 /* NoImageWithReplyTableViewCell.xib */ = {isa = PBXFileReference; lastKnownFileType = file.xib; path = NoImageWithReplyTableViewCell.xib; sourceTree = "<group>"; };
		04F212BE224DB82300611664 /* OrderModel.h */ = {isa = PBXFileReference; lastKnownFileType = sourcecode.c.h; path = OrderModel.h; sourceTree = "<group>"; };
		04F212BF224DB82400611664 /* OrderModel.m */ = {isa = PBXFileReference; lastKnownFileType = sourcecode.c.objc; path = OrderModel.m; sourceTree = "<group>"; };
		04F212C52251B75200611664 /* UIView+LC.h */ = {isa = PBXFileReference; lastKnownFileType = sourcecode.c.h; path = "UIView+LC.h"; sourceTree = "<group>"; };
		04F212C62251B75200611664 /* UIView+LC.m */ = {isa = PBXFileReference; lastKnownFileType = sourcecode.c.objc; path = "UIView+LC.m"; sourceTree = "<group>"; };
		04F212C82251B77600611664 /* CALayer+BorderColor.h */ = {isa = PBXFileReference; lastKnownFileType = sourcecode.c.h; path = "CALayer+BorderColor.h"; sourceTree = "<group>"; };
		04F212C92251B77600611664 /* CALayer+BorderColor.m */ = {isa = PBXFileReference; lastKnownFileType = sourcecode.c.objc; path = "CALayer+BorderColor.m"; sourceTree = "<group>"; };
		04F5B7D622390AE100E36E3C /* NewsSettingview.h */ = {isa = PBXFileReference; lastKnownFileType = sourcecode.c.h; path = NewsSettingview.h; sourceTree = "<group>"; };
		04F5B7D722390AE100E36E3C /* NewsSettingview.m */ = {isa = PBXFileReference; lastKnownFileType = sourcecode.c.objc; path = NewsSettingview.m; sourceTree = "<group>"; };
		04F5B7D922390B0500E36E3C /* NewsSettingview.xib */ = {isa = PBXFileReference; lastKnownFileType = file.xib; path = NewsSettingview.xib; sourceTree = "<group>"; };
		04F61DE222364E16004986E0 /* MerShop.app */ = {isa = PBXFileReference; explicitFileType = wrapper.application; includeInIndex = 0; path = MerShop.app; sourceTree = BUILT_PRODUCTS_DIR; };
		04F61DE522364E16004986E0 /* AppDelegate.h */ = {isa = PBXFileReference; lastKnownFileType = sourcecode.c.h; path = AppDelegate.h; sourceTree = "<group>"; };
		04F61DE622364E16004986E0 /* AppDelegate.m */ = {isa = PBXFileReference; lastKnownFileType = sourcecode.c.objc; path = AppDelegate.m; sourceTree = "<group>"; };
		04F61DE822364E16004986E0 /* LoginInViewController.h */ = {isa = PBXFileReference; lastKnownFileType = sourcecode.c.h; path = LoginInViewController.h; sourceTree = "<group>"; };
		04F61DE922364E16004986E0 /* LoginInViewController.m */ = {isa = PBXFileReference; lastKnownFileType = sourcecode.c.objc; path = LoginInViewController.m; sourceTree = "<group>"; };
		04F61DEC22364E16004986E0 /* Base */ = {isa = PBXFileReference; lastKnownFileType = file.storyboard; name = Base; path = Base.lproj/Main.storyboard; sourceTree = "<group>"; };
		04F61DEE22364E18004986E0 /* Assets.xcassets */ = {isa = PBXFileReference; lastKnownFileType = folder.assetcatalog; path = Assets.xcassets; sourceTree = "<group>"; };
		04F61DF122364E18004986E0 /* Base */ = {isa = PBXFileReference; lastKnownFileType = file.storyboard; name = Base; path = Base.lproj/LaunchScreen.storyboard; sourceTree = "<group>"; };
		04F61DF322364E18004986E0 /* Info.plist */ = {isa = PBXFileReference; lastKnownFileType = text.plist.xml; path = Info.plist; sourceTree = "<group>"; };
		04F61DF422364E18004986E0 /* main.m */ = {isa = PBXFileReference; lastKnownFileType = sourcecode.c.objc; path = main.m; sourceTree = "<group>"; };
		04F61DFA22364E18004986E0 /* MerShopTests.xctest */ = {isa = PBXFileReference; explicitFileType = wrapper.cfbundle; includeInIndex = 0; path = MerShopTests.xctest; sourceTree = BUILT_PRODUCTS_DIR; };
		04F61DFE22364E18004986E0 /* MerShopTests.m */ = {isa = PBXFileReference; lastKnownFileType = sourcecode.c.objc; path = MerShopTests.m; sourceTree = "<group>"; };
		04F61E0022364E18004986E0 /* Info.plist */ = {isa = PBXFileReference; lastKnownFileType = text.plist.xml; path = Info.plist; sourceTree = "<group>"; };
		04F61E0522364E18004986E0 /* MerShopUITests.xctest */ = {isa = PBXFileReference; explicitFileType = wrapper.cfbundle; includeInIndex = 0; path = MerShopUITests.xctest; sourceTree = BUILT_PRODUCTS_DIR; };
		04F61E0922364E18004986E0 /* MerShopUITests.m */ = {isa = PBXFileReference; lastKnownFileType = sourcecode.c.objc; path = MerShopUITests.m; sourceTree = "<group>"; };
		04F61E0B22364E18004986E0 /* Info.plist */ = {isa = PBXFileReference; lastKnownFileType = text.plist.xml; path = Info.plist; sourceTree = "<group>"; };
		04F61E172236561D004986E0 /* PrefixHeader.pch */ = {isa = PBXFileReference; lastKnownFileType = sourcecode.c.h; path = PrefixHeader.pch; sourceTree = "<group>"; };
		04F61E1822365797004986E0 /* Entity.h */ = {isa = PBXFileReference; lastKnownFileType = sourcecode.c.h; path = Entity.h; sourceTree = "<group>"; };
		04F61E1E22366583004986E0 /* BasicViewController.h */ = {isa = PBXFileReference; lastKnownFileType = sourcecode.c.h; path = BasicViewController.h; sourceTree = "<group>"; };
		04F61E1F22366583004986E0 /* BasicViewController.m */ = {isa = PBXFileReference; lastKnownFileType = sourcecode.c.objc; path = BasicViewController.m; sourceTree = "<group>"; };
		04FB88002249C7FC008BEFCB /* PhoneNumberSettingViewController.h */ = {isa = PBXFileReference; lastKnownFileType = sourcecode.c.h; path = PhoneNumberSettingViewController.h; sourceTree = "<group>"; };
		04FB88012249C7FC008BEFCB /* PhoneNumberSettingViewController.m */ = {isa = PBXFileReference; lastKnownFileType = sourcecode.c.objc; path = PhoneNumberSettingViewController.m; sourceTree = "<group>"; };
		04FB88032249CE5A008BEFCB /* BusinessLicenseViewController.h */ = {isa = PBXFileReference; lastKnownFileType = sourcecode.c.h; path = BusinessLicenseViewController.h; sourceTree = "<group>"; };
		04FB88042249CE5A008BEFCB /* BusinessLicenseViewController.m */ = {isa = PBXFileReference; lastKnownFileType = sourcecode.c.objc; path = BusinessLicenseViewController.m; sourceTree = "<group>"; };
		04FB8808224A1AC0008BEFCB /* GoodsModel.h */ = {isa = PBXFileReference; lastKnownFileType = sourcecode.c.h; path = GoodsModel.h; sourceTree = "<group>"; };
		04FB8809224A1AC0008BEFCB /* GoodsModel.m */ = {isa = PBXFileReference; lastKnownFileType = sourcecode.c.objc; path = GoodsModel.m; sourceTree = "<group>"; };
		04FD40BB224326F4000C9311 /* refuseView.h */ = {isa = PBXFileReference; lastKnownFileType = sourcecode.c.h; path = refuseView.h; sourceTree = "<group>"; };
		04FD40BC224326F4000C9311 /* refuseView.m */ = {isa = PBXFileReference; lastKnownFileType = sourcecode.c.objc; path = refuseView.m; sourceTree = "<group>"; };
		04FD40BE22432708000C9311 /* refuseView.xib */ = {isa = PBXFileReference; lastKnownFileType = file.xib; path = refuseView.xib; sourceTree = "<group>"; };
		04FD40C122436402000C9311 /* WaitDeliveryTableViewCell.h */ = {isa = PBXFileReference; lastKnownFileType = sourcecode.c.h; path = WaitDeliveryTableViewCell.h; sourceTree = "<group>"; };
		04FD40C222436402000C9311 /* WaitDeliveryTableViewCell.m */ = {isa = PBXFileReference; lastKnownFileType = sourcecode.c.objc; path = WaitDeliveryTableViewCell.m; sourceTree = "<group>"; };
		04FD40C322436402000C9311 /* WaitDeliveryTableViewCell.xib */ = {isa = PBXFileReference; lastKnownFileType = file.xib; path = WaitDeliveryTableViewCell.xib; sourceTree = "<group>"; };
		04FD40C622436EA2000C9311 /* AllReadyDeliveryTableViewCell.h */ = {isa = PBXFileReference; lastKnownFileType = sourcecode.c.h; path = AllReadyDeliveryTableViewCell.h; sourceTree = "<group>"; };
		04FD40C722436EA2000C9311 /* AllReadyDeliveryTableViewCell.m */ = {isa = PBXFileReference; lastKnownFileType = sourcecode.c.objc; path = AllReadyDeliveryTableViewCell.m; sourceTree = "<group>"; };
		04FD40C822436EA2000C9311 /* AllReadyDeliveryTableViewCell.xib */ = {isa = PBXFileReference; lastKnownFileType = file.xib; path = AllReadyDeliveryTableViewCell.xib; sourceTree = "<group>"; };
		2A64BC8AA121C02E47419A4D /* Pods-MerShop.release.xcconfig */ = {isa = PBXFileReference; includeInIndex = 1; lastKnownFileType = text.xcconfig; name = "Pods-MerShop.release.xcconfig"; path = "Target Support Files/Pods-MerShop/Pods-MerShop.release.xcconfig"; sourceTree = "<group>"; };
		7D4CCEAA0C415E8AA40B68B5 /* libPods-MerShop.a */ = {isa = PBXFileReference; explicitFileType = archive.ar; includeInIndex = 0; path = "libPods-MerShop.a"; sourceTree = BUILT_PRODUCTS_DIR; };
		C6774E492B8F8E4A9E075F1A /* Pods-MerShop.debug.xcconfig */ = {isa = PBXFileReference; includeInIndex = 1; lastKnownFileType = text.xcconfig; name = "Pods-MerShop.debug.xcconfig"; path = "Target Support Files/Pods-MerShop/Pods-MerShop.debug.xcconfig"; sourceTree = "<group>"; };
/* End PBXFileReference section */

/* Begin PBXFrameworksBuildPhase section */
		04F61DDF22364E16004986E0 /* Frameworks */ = {
			isa = PBXFrameworksBuildPhase;
			buildActionMask = 2147483647;
			files = (
				F99E8FF7E8026AB79818BE01 /* libPods-MerShop.a in Frameworks */,
			);
			runOnlyForDeploymentPostprocessing = 0;
		};
		04F61DF722364E18004986E0 /* Frameworks */ = {
			isa = PBXFrameworksBuildPhase;
			buildActionMask = 2147483647;
			files = (
			);
			runOnlyForDeploymentPostprocessing = 0;
		};
		04F61E0222364E18004986E0 /* Frameworks */ = {
			isa = PBXFrameworksBuildPhase;
			buildActionMask = 2147483647;
			files = (
			);
			runOnlyForDeploymentPostprocessing = 0;
		};
/* End PBXFrameworksBuildPhase section */

/* Begin PBXGroup section */
		04235E4E2253524C00B2FC40 /* EmptyView */ = {
			isa = PBXGroup;
			children = (
				04235E4F225352E200B2FC40 /* EmptyOrderView.h */,
				04235E50225352E200B2FC40 /* EmptyOrderView.m */,
				04235E522253531500B2FC40 /* EmptyOrderView.xib */,
				04A46A41225B54F400511C79 /* EmptyDiscountView.h */,
				04A46A42225B54F400511C79 /* EmptyDiscountView.m */,
				04A46A44225B550600511C79 /* EmptyDiscountView.xib */,
			);
			path = EmptyView;
			sourceTree = "<group>";
		};
		04235E54225B47D900B2FC40 /* Discount（限时折扣） */ = {
			isa = PBXGroup;
			children = (
				04A46A48225C39F600511C79 /* View */,
				04A46A47225C39EE00511C79 /* Model */,
				04A46A46225C39DF00511C79 /* Controller */,
			);
			path = "Discount（限时折扣）";
			sourceTree = "<group>";
		};
		04235E55225B47EB00B2FC40 /* Full reduction（满减） */ = {
			isa = PBXGroup;
			children = (
			);
			path = "Full reduction（满减）";
			sourceTree = "<group>";
		};
		04235E56225B481400B2FC40 /* Discount package（优惠套餐） */ = {
			isa = PBXGroup;
			children = (
			);
			path = "Discount package（优惠套餐）";
			sourceTree = "<group>";
		};
		04235E57225B483B00B2FC40 /* Cash coupon（代金券） */ = {
			isa = PBXGroup;
			children = (
			);
			path = "Cash coupon（代金券）";
			sourceTree = "<group>";
		};
		042B181A2240CA78004D372A /* UserEvaluation（用户评价） */ = {
			isa = PBXGroup;
			children = (
				042B181B2240CB5C004D372A /* view */,
				0446EAF2223BB7E100A86F32 /* UserEvaluationViewController.h */,
				0446EAF3223BB7E100A86F32 /* UserEvaluationViewController.m */,
			);
			path = "UserEvaluation（用户评价）";
			sourceTree = "<group>";
		};
		042B181B2240CB5C004D372A /* view */ = {
			isa = PBXGroup;
			children = (
				04F212B3224CA7F100611664 /* NoImageTableViewCell.h */,
				04F212B4224CA7F100611664 /* NoImageTableViewCell.m */,
				04F212B5224CA7F100611664 /* NoImageTableViewCell.xib */,
				04F212B8224CAAC900611664 /* NoImageWithReplyTableViewCell.h */,
				04F212B9224CAAC900611664 /* NoImageWithReplyTableViewCell.m */,
				04F212BA224CAAC900611664 /* NoImageWithReplyTableViewCell.xib */,
				042B181C2240CB76004D372A /* UserEvaluationTableViewCell.h */,
				042B181D2240CB76004D372A /* UserEvaluationTableViewCell.m */,
				042B181E2240CB76004D372A /* UserEvaluationTableViewCell.xib */,
				042B18262240EA3E004D372A /* UserEvaluationTableViewCell1.h */,
				042B18272240EA3E004D372A /* UserEvaluationTableViewCell1.m */,
				042B18282240EA3E004D372A /* UserEvaluationTableViewCell1.xib */,
				042B182B2240F6F2004D372A /* HeaderView1.h */,
				042B182C2240F6F2004D372A /* HeaderView1.m */,
				042B182E2240F704004D372A /* HeaderView1.xib */,
			);
			path = view;
			sourceTree = "<group>";
		};
		042B19252241D03F004D372A /* view */ = {
			isa = PBXGroup;
			children = (
				042B19262241D05F004D372A /* NewOrderTableViewCell1.h */,
				042B19272241D05F004D372A /* NewOrderTableViewCell1.m */,
				042B19282241D05F004D372A /* NewOrderTableViewCell1.xib */,
				04FD40BB224326F4000C9311 /* refuseView.h */,
				04FD40BC224326F4000C9311 /* refuseView.m */,
				04FD40BE22432708000C9311 /* refuseView.xib */,
			);
			path = view;
			sourceTree = "<group>";
		};
		042B193522423814004D372A /* model */ = {
			isa = PBXGroup;
			children = (
				04F212BE224DB82300611664 /* OrderModel.h */,
				04F212BF224DB82400611664 /* OrderModel.m */,
			);
			path = model;
			sourceTree = "<group>";
		};
		0446EABF2239EF6700A86F32 /* AccountSecurity */ = {
			isa = PBXGroup;
			children = (
				0446EAC12239EFB600A86F32 /* Controller */,
				0446EAC02239EFA900A86F32 /* View */,
			);
			path = AccountSecurity;
			sourceTree = "<group>";
		};
		0446EAC02239EFA900A86F32 /* View */ = {
			isa = PBXGroup;
			children = (
			);
			path = View;
			sourceTree = "<group>";
		};
		0446EAC12239EFB600A86F32 /* Controller */ = {
			isa = PBXGroup;
			children = (
				0446EABC2239EDD400A86F32 /* AccountSecurityViewController.h */,
				0446EABD2239EDD400A86F32 /* AccountSecurityViewController.m */,
				0446EACF2239F71E00A86F32 /* ChangePasswordViewController.h */,
				0446EAD02239F71E00A86F32 /* ChangePasswordViewController.m */,
			);
			path = Controller;
			sourceTree = "<group>";
		};
		0446EAD5223A59EF00A86F32 /* ShopSetting */ = {
			isa = PBXGroup;
			children = (
				0446EADD223A5FEC00A86F32 /* Controller */,
				0446EADC223A5FD500A86F32 /* View */,
			);
			path = ShopSetting;
			sourceTree = "<group>";
		};
		0446EAD6223A5A1D00A86F32 /* BusinessStatus */ = {
			isa = PBXGroup;
			children = (
				0446EAB62239251100A86F32 /* BusinessStatusViewController.h */,
				0446EAB72239251100A86F32 /* BusinessStatusViewController.m */,
			);
			path = BusinessStatus;
			sourceTree = "<group>";
		};
		0446EAD7223A5A4100A86F32 /* FeedBack */ = {
			isa = PBXGroup;
			children = (
				0446EAB92239319900A86F32 /* FeedbackViewController.h */,
				0446EABA2239319900A86F32 /* FeedbackViewController.m */,
			);
			path = FeedBack;
			sourceTree = "<group>";
		};
		0446EAD8223A5A5800A86F32 /* RingSetting */ = {
			isa = PBXGroup;
			children = (
				0457795E223908B100D968EA /* RingSettingViewController.h */,
				0457795F223908B100D968EA /* RingSettingViewController.m */,
				04F5B7D622390AE100E36E3C /* NewsSettingview.h */,
				04F5B7D722390AE100E36E3C /* NewsSettingview.m */,
				04F5B7D922390B0500E36E3C /* NewsSettingview.xib */,
			);
			path = RingSetting;
			sourceTree = "<group>";
		};
		0446EADC223A5FD500A86F32 /* View */ = {
			isa = PBXGroup;
			children = (
				04C6186B2238D04B00773B7C /* ShopSetTableViewCell1.h */,
				04C6186C2238D04B00773B7C /* ShopSetTableViewCell1.m */,
				04C6186D2238D04B00773B7C /* ShopSetTableViewCell1.xib */,
				04C618702238DC9E00773B7C /* ShopSetTableViewCell2.h */,
				04C618712238DC9E00773B7C /* ShopSetTableViewCell2.m */,
				04C618722238DC9E00773B7C /* ShopSetTableViewCell2.xib */,
				04C618752238DDE600773B7C /* ShopSetTableViewCell3.h */,
				04C618762238DDE600773B7C /* ShopSetTableViewCell3.m */,
				04C618772238DDE600773B7C /* ShopSetTableViewCell3.xib */,
				04C6187A2238FC2600773B7C /* ShopSetTableViewCell4.h */,
				04C6187B2238FC2600773B7C /* ShopSetTableViewCell4.m */,
				04C6187C2238FC2600773B7C /* ShopSetTableViewCell4.xib */,
			);
			path = View;
			sourceTree = "<group>";
		};
		0446EADD223A5FEC00A86F32 /* Controller */ = {
			isa = PBXGroup;
			children = (
				04C618682238CFB000773B7C /* ShopSetViewController.h */,
				04C618692238CFB000773B7C /* ShopSetViewController.m */,
				0446EAD9223A5AD600A86F32 /* RestaurantNoticeViewController.h */,
				0446EADA223A5AD600A86F32 /* RestaurantNoticeViewController.m */,
				04FB88002249C7FC008BEFCB /* PhoneNumberSettingViewController.h */,
				04FB88012249C7FC008BEFCB /* PhoneNumberSettingViewController.m */,
				04FB88032249CE5A008BEFCB /* BusinessLicenseViewController.h */,
				04FB88042249CE5A008BEFCB /* BusinessLicenseViewController.m */,
			);
			path = Controller;
			sourceTree = "<group>";
		};
		0446EADF223B43EA00A86F32 /* View */ = {
			isa = PBXGroup;
			children = (
				0446EAE0223B441200A86F32 /* HeaderView.h */,
				0446EAE1223B441200A86F32 /* HeaderView.m */,
				0446EAE3223B441F00A86F32 /* HeaderView.xib */,
				0446EAE5223B7A3800A86F32 /* TableViewCell.h */,
				0446EAE6223B7A3800A86F32 /* TableViewCell.m */,
				0446EAE7223B7A3800A86F32 /* TableViewCell.xib */,
				0446EAED223B926D00A86F32 /* GoodsTableViewCell.h */,
				0446EAEE223B926D00A86F32 /* GoodsTableViewCell.m */,
				0446EAEF223B926D00A86F32 /* GoodsTableViewCell.xib */,
				0446EB17223F6BFF00A86F32 /* ManageCatergoryTableViewCell.h */,
				0446EB18223F6BFF00A86F32 /* ManageCatergoryTableViewCell.m */,
				0446EB19223F6BFF00A86F32 /* ManageCatergoryTableViewCell.xib */,
			);
			path = View;
			sourceTree = "<group>";
		};
		0446EAF8223E1B7500A86F32 /* Tools */ = {
			isa = PBXGroup;
			children = (
				0446EB40223FEE7F00A86F32 /* LogCategory */,
				0446EAF9223E1B9D00A86F32 /* Http_url.h */,
				0446EAFA223E1B9D00A86F32 /* Http_url.m */,
				0446EB0E223E447600A86F32 /* IFUtils.h */,
				0446EB0F223E447600A86F32 /* IFUtils.m */,
				042B18A422411416004D372A /* IFTools.h */,
				042B18A522411416004D372A /* IFTools.m */,
			);
			path = Tools;
			sourceTree = "<group>";
		};
		0446EAFE223E438900A86F32 /* SVProgressHUD */ = {
			isa = PBXGroup;
			children = (
				0446EB06223E439E00A86F32 /* SVIndefiniteAnimatedView.h */,
				0446EB07223E439E00A86F32 /* SVIndefiniteAnimatedView.m */,
				0446EB02223E439D00A86F32 /* SVProgressAnimatedView.h */,
				0446EB05223E439E00A86F32 /* SVProgressAnimatedView.m */,
				0446EB04223E439E00A86F32 /* SVProgressHUD-Prefix.pch */,
				0446EAFF223E439D00A86F32 /* SVProgressHUD.bundle */,
				0446EB01223E439D00A86F32 /* SVProgressHUD.h */,
				0446EB08223E439F00A86F32 /* SVProgressHUD.m */,
				0446EB03223E439E00A86F32 /* SVRadialGradientLayer.h */,
				0446EB00223E439D00A86F32 /* SVRadialGradientLayer.m */,
			);
			path = SVProgressHUD;
			sourceTree = "<group>";
		};
		0446EB40223FEE7F00A86F32 /* LogCategory */ = {
			isa = PBXGroup;
			children = (
				0446EB41223FEE7F00A86F32 /* LogCategory.h */,
				0446EB42223FEE7F00A86F32 /* LogCategory.m */,
				04F212C52251B75200611664 /* UIView+LC.h */,
				04F212C62251B75200611664 /* UIView+LC.m */,
				04F212C82251B77600611664 /* CALayer+BorderColor.h */,
				04F212C92251B77600611664 /* CALayer+BorderColor.m */,
			);
			path = LogCategory;
			sourceTree = "<group>";
		};
		0446EB50224084EA00A86F32 /* ManageCatergory（商品管理） */ = {
			isa = PBXGroup;
			children = (
				04FB8807224A1A86008BEFCB /* model */,
				0446EB51224086F200A86F32 /* view */,
				0446EAEA223B8B4A00A86F32 /* GoodsManagementViewController.h */,
				0446EAEB223B8B4A00A86F32 /* GoodsManagementViewController.m */,
				0446EB11223F3AE000A86F32 /* CreateGoodsViewController.h */,
				0446EB12223F3AE000A86F32 /* CreateGoodsViewController.m */,
				0446EB14223F4C1A00A86F32 /* ManageCatergoryViewController.h */,
				0446EB15223F4C1A00A86F32 /* ManageCatergoryViewController.m */,
				0446EB21223F86BC00A86F32 /* CreateNewGoodsViewController.h */,
				0446EB22223F86BC00A86F32 /* CreateNewGoodsViewController.m */,
				0446EB4D224084D800A86F32 /* SortViewController.h */,
				0446EB4E224084D800A86F32 /* SortViewController.m */,
				04F212AD224B566B00611664 /* NewCatergoryViewController.h */,
				04F212AE224B566B00611664 /* NewCatergoryViewController.m */,
			);
			path = "ManageCatergory（商品管理）";
			sourceTree = "<group>";
		};
		0446EB51224086F200A86F32 /* view */ = {
			isa = PBXGroup;
			children = (
				0446EB24223F874C00A86F32 /* NewGoodsTableViewCell1.h */,
				0446EB25223F874C00A86F32 /* NewGoodsTableViewCell1.m */,
				0446EB26223F874C00A86F32 /* NewGoodsTableViewCell1.xib */,
				0446EB29223F88EF00A86F32 /* NewGoodsTableViewCell2.h */,
				0446EB2A223F88EF00A86F32 /* NewGoodsTableViewCell2.m */,
				0446EB2B223F88EF00A86F32 /* NewGoodsTableViewCell2.xib */,
				0446EB2E223F8B0200A86F32 /* NewGoodsTableViewCell3.h */,
				0446EB2F223F8B0200A86F32 /* NewGoodsTableViewCell3.m */,
				0446EB30223F8B0200A86F32 /* NewGoodsTableViewCell3.xib */,
				0446EB33223F9B8A00A86F32 /* NewGoodsTableViewCell4.h */,
				0446EB34223F9B8A00A86F32 /* NewGoodsTableViewCell4.m */,
				0446EB35223F9B8A00A86F32 /* NewGoodsTableViewCell4.xib */,
				0446EB522240872800A86F32 /* SortTableViewCell.h */,
				0446EB532240872800A86F32 /* SortTableViewCell.m */,
				0446EB542240872800A86F32 /* SortTableViewCell.xib */,
			);
			path = view;
			sourceTree = "<group>";
		};
		04A46A46225C39DF00511C79 /* Controller */ = {
			isa = PBXGroup;
			children = (
				04A46A3E225B4E6D00511C79 /* DiscountViewController.h */,
				04A46A3F225B4E6D00511C79 /* DiscountViewController.m */,
				04A46A49225C3A4F00511C79 /* AddActivityGoodsViewController.h */,
				04A46A4A225C3A4F00511C79 /* AddActivityGoodsViewController.m */,
			);
			path = Controller;
			sourceTree = "<group>";
		};
		04A46A47225C39EE00511C79 /* Model */ = {
			isa = PBXGroup;
			children = (
			);
			path = Model;
			sourceTree = "<group>";
		};
		04A46A48225C39F600511C79 /* View */ = {
			isa = PBXGroup;
			children = (
				04A46A51225C41FD00511C79 /* AddGoodsTableViewCell.h */,
				04A46A52225C41FD00511C79 /* AddGoodsTableViewCell.m */,
				04A46A53225C41FD00511C79 /* AddGoodsTableViewCell.xib */,
				04A46A56225C767500511C79 /* ActivityHeaderView.h */,
				04A46A57225C767500511C79 /* ActivityHeaderView.m */,
				04A46A59225C768700511C79 /* ActivityHeaderView.xib */,
				04A46A5B225C8A1200511C79 /* EditeActivityTableViewCell.h */,
				04A46A5C225C8A1200511C79 /* EditeActivityTableViewCell.m */,
				04A46A5D225C8A1200511C79 /* EditeActivityTableViewCell.xib */,
			);
			path = View;
			sourceTree = "<group>";
		};
		04C6185522378B6A00773B7C /* MainViewController */ = {
			isa = PBXGroup;
			children = (
				04C6185222378B5700773B7C /* TabBarController.h */,
				04C6185322378B5700773B7C /* TabBarController.m */,
				04F61E1E22366583004986E0 /* BasicViewController.h */,
				04F61E1F22366583004986E0 /* BasicViewController.m */,
				04F61DE822364E16004986E0 /* LoginInViewController.h */,
				04F61DE922364E16004986E0 /* LoginInViewController.m */,
				04C61856223790B000773B7C /* NavigationViewController.h */,
				04C61857223790B000773B7C /* NavigationViewController.m */,
			);
			path = MainViewController;
			sourceTree = "<group>";
		};
		04C618592237AD7800773B7C /* View */ = {
			isa = PBXGroup;
			children = (
				04C6185D2237B6CE00773B7C /* BackgroundView.h */,
				04C6185E2237B6CE00773B7C /* BackgroundView.m */,
				0446EAD2223A36DC00A86F32 /* PhoneNumberView.h */,
				0446EAD3223A36DC00A86F32 /* PhoneNumberView.m */,
			);
			path = View;
			sourceTree = "<group>";
		};
		04F212BD224DB7F600611664 /* model */ = {
			isa = PBXGroup;
			children = (
				042B19362242383D004D372A /* NewOrderModel.h */,
				042B19372242383D004D372A /* NewOrderModel.m */,
			);
			path = model;
			sourceTree = "<group>";
		};
		04F212C1224DC86000611664 /* DataVC（经营数据） */ = {
			isa = PBXGroup;
			children = (
				0446EAF5223BB8CD00A86F32 /* ManageViewController.h */,
				0446EAF6223BB8CD00A86F32 /* ManageViewController.m */,
			);
			path = "DataVC（经营数据）";
			sourceTree = "<group>";
		};
		04F61DD922364E16004986E0 = {
			isa = PBXGroup;
			children = (
				04F61E1922366285004986E0 /* ThirdLib */,
				04F61DE422364E16004986E0 /* MerShop */,
				04F61DFD22364E18004986E0 /* MerShopTests */,
				04F61E0822364E18004986E0 /* MerShopUITests */,
				04F61DE322364E16004986E0 /* Products */,
				A6D7332CE1581FEDF57E024C /* Pods */,
				0AF38524FA7141748382F6F2 /* Frameworks */,
			);
			sourceTree = "<group>";
		};
		04F61DE322364E16004986E0 /* Products */ = {
			isa = PBXGroup;
			children = (
				04F61DE222364E16004986E0 /* MerShop.app */,
				04F61DFA22364E18004986E0 /* MerShopTests.xctest */,
				04F61E0522364E18004986E0 /* MerShopUITests.xctest */,
			);
			name = Products;
			sourceTree = "<group>";
		};
		04F61DE422364E16004986E0 /* MerShop */ = {
			isa = PBXGroup;
			children = (
				04235E4E2253524C00B2FC40 /* EmptyView */,
				0446EAF8223E1B7500A86F32 /* Tools */,
				04C6185522378B6A00773B7C /* MainViewController */,
				04F61E1D22366343004986E0 /* PersonalCenter */,
				04F61E1C2236633E004986E0 /* ShopOperation */,
				04F61E1B22366339004986E0 /* OrderManagement */,
				04F61E1A22366335004986E0 /* WaitDealwith */,
				04F61DE522364E16004986E0 /* AppDelegate.h */,
				04F61DE622364E16004986E0 /* AppDelegate.m */,
				04F61DEB22364E16004986E0 /* Main.storyboard */,
				04F61DEE22364E18004986E0 /* Assets.xcassets */,
				04F61DF022364E18004986E0 /* LaunchScreen.storyboard */,
				04F61DF322364E18004986E0 /* Info.plist */,
				04F61DF422364E18004986E0 /* main.m */,
				04F61E172236561D004986E0 /* PrefixHeader.pch */,
				04F61E1822365797004986E0 /* Entity.h */,
			);
			path = MerShop;
			sourceTree = "<group>";
		};
		04F61DFD22364E18004986E0 /* MerShopTests */ = {
			isa = PBXGroup;
			children = (
				04F61DFE22364E18004986E0 /* MerShopTests.m */,
				04F61E0022364E18004986E0 /* Info.plist */,
			);
			path = MerShopTests;
			sourceTree = "<group>";
		};
		04F61E0822364E18004986E0 /* MerShopUITests */ = {
			isa = PBXGroup;
			children = (
				04F61E0922364E18004986E0 /* MerShopUITests.m */,
				04F61E0B22364E18004986E0 /* Info.plist */,
			);
			path = MerShopUITests;
			sourceTree = "<group>";
		};
		04F61E1922366285004986E0 /* ThirdLib */ = {
			isa = PBXGroup;
			children = (
				0446EAFE223E438900A86F32 /* SVProgressHUD */,
				04C618652238A24C00773B7C /* ZJTopImageBottomTitleButton.h */,
				04C618662238A24C00773B7C /* ZJTopImageBottomTitleButton.m */,
				04F212B0224B79C000611664 /* JXMovableCellTableView.h */,
				04F212B1224B79C000611664 /* JXMovableCellTableView.m */,
			);
			path = ThirdLib;
			sourceTree = "<group>";
		};
		04F61E1A22366335004986E0 /* WaitDealwith */ = {
			isa = PBXGroup;
			children = (
				042B193522423814004D372A /* model */,
				042B19252241D03F004D372A /* view */,
				04C6184F223787A400773B7C /* WaitDealwithViewController.h */,
				04C61850223787A400773B7C /* WaitDealwithViewController.m */,
			);
			path = WaitDealwith;
			sourceTree = "<group>";
		};
		04F61E1B22366339004986E0 /* OrderManagement */ = {
			isa = PBXGroup;
			children = (
				04F212BD224DB7F600611664 /* model */,
				04FD40C0224363B3000C9311 /* View */,
				04C6184C2237878800773B7C /* OrderManagementViewController.h */,
				04C6184D2237878800773B7C /* OrderManagementViewController.m */,
			);
			path = OrderManagement;
			sourceTree = "<group>";
		};
		04F61E1C2236633E004986E0 /* ShopOperation */ = {
			isa = PBXGroup;
			children = (
				04235E57225B483B00B2FC40 /* Cash coupon（代金券） */,
				04235E56225B481400B2FC40 /* Discount package（优惠套餐） */,
				04235E55225B47EB00B2FC40 /* Full reduction（满减） */,
				04235E54225B47D900B2FC40 /* Discount（限时折扣） */,
				04F212C1224DC86000611664 /* DataVC（经营数据） */,
				0446EB50224084EA00A86F32 /* ManageCatergory（商品管理） */,
				042B181A2240CA78004D372A /* UserEvaluation（用户评价） */,
				0446EADF223B43EA00A86F32 /* View */,
				04C618492237876900773B7C /* ShopViewController.h */,
				04C6184A2237876900773B7C /* ShopViewController.m */,
			);
			path = ShopOperation;
			sourceTree = "<group>";
		};
		04F61E1D22366343004986E0 /* PersonalCenter */ = {
			isa = PBXGroup;
			children = (
				04C618462237874600773B7C /* MeViewController.h */,
				04C618472237874600773B7C /* MeViewController.m */,
				0446EAD8223A5A5800A86F32 /* RingSetting */,
				0446EAD7223A5A4100A86F32 /* FeedBack */,
				0446EAD6223A5A1D00A86F32 /* BusinessStatus */,
				0446EAD5223A59EF00A86F32 /* ShopSetting */,
				0446EABF2239EF6700A86F32 /* AccountSecurity */,
				04C618592237AD7800773B7C /* View */,
			);
			path = PersonalCenter;
			sourceTree = "<group>";
		};
		04FB8807224A1A86008BEFCB /* model */ = {
			isa = PBXGroup;
			children = (
				04FB8808224A1AC0008BEFCB /* GoodsModel.h */,
				04FB8809224A1AC0008BEFCB /* GoodsModel.m */,
			);
			path = model;
			sourceTree = "<group>";
		};
		04FD40C0224363B3000C9311 /* View */ = {
			isa = PBXGroup;
			children = (
				04FD40C122436402000C9311 /* WaitDeliveryTableViewCell.h */,
				04FD40C222436402000C9311 /* WaitDeliveryTableViewCell.m */,
				04FD40C322436402000C9311 /* WaitDeliveryTableViewCell.xib */,
				04FD40C622436EA2000C9311 /* AllReadyDeliveryTableViewCell.h */,
				04FD40C722436EA2000C9311 /* AllReadyDeliveryTableViewCell.m */,
				04FD40C822436EA2000C9311 /* AllReadyDeliveryTableViewCell.xib */,
			);
			path = View;
			sourceTree = "<group>";
		};
		0AF38524FA7141748382F6F2 /* Frameworks */ = {
			isa = PBXGroup;
			children = (
				7D4CCEAA0C415E8AA40B68B5 /* libPods-MerShop.a */,
			);
			name = Frameworks;
			sourceTree = "<group>";
		};
		A6D7332CE1581FEDF57E024C /* Pods */ = {
			isa = PBXGroup;
			children = (
				C6774E492B8F8E4A9E075F1A /* Pods-MerShop.debug.xcconfig */,
				2A64BC8AA121C02E47419A4D /* Pods-MerShop.release.xcconfig */,
			);
			path = Pods;
			sourceTree = "<group>";
		};
/* End PBXGroup section */

/* Begin PBXNativeTarget section */
		04F61DE122364E16004986E0 /* MerShop */ = {
			isa = PBXNativeTarget;
			buildConfigurationList = 04F61E0E22364E18004986E0 /* Build configuration list for PBXNativeTarget "MerShop" */;
			buildPhases = (
				A5EB1FCD845D55B31C4AE48C /* [CP] Check Pods Manifest.lock */,
				04F61DDE22364E16004986E0 /* Sources */,
				04F61DDF22364E16004986E0 /* Frameworks */,
				04F61DE022364E16004986E0 /* Resources */,
				C66E4282731A0E70B11E6D8F /* [CP] Copy Pods Resources */,
			);
			buildRules = (
			);
			dependencies = (
			);
			name = MerShop;
			productName = MerShop;
			productReference = 04F61DE222364E16004986E0 /* MerShop.app */;
			productType = "com.apple.product-type.application";
		};
		04F61DF922364E18004986E0 /* MerShopTests */ = {
			isa = PBXNativeTarget;
			buildConfigurationList = 04F61E1122364E18004986E0 /* Build configuration list for PBXNativeTarget "MerShopTests" */;
			buildPhases = (
				04F61DF622364E18004986E0 /* Sources */,
				04F61DF722364E18004986E0 /* Frameworks */,
				04F61DF822364E18004986E0 /* Resources */,
			);
			buildRules = (
			);
			dependencies = (
				04F61DFC22364E18004986E0 /* PBXTargetDependency */,
			);
			name = MerShopTests;
			productName = MerShopTests;
			productReference = 04F61DFA22364E18004986E0 /* MerShopTests.xctest */;
			productType = "com.apple.product-type.bundle.unit-test";
		};
		04F61E0422364E18004986E0 /* MerShopUITests */ = {
			isa = PBXNativeTarget;
			buildConfigurationList = 04F61E1422364E18004986E0 /* Build configuration list for PBXNativeTarget "MerShopUITests" */;
			buildPhases = (
				04F61E0122364E18004986E0 /* Sources */,
				04F61E0222364E18004986E0 /* Frameworks */,
				04F61E0322364E18004986E0 /* Resources */,
			);
			buildRules = (
			);
			dependencies = (
				04F61E0722364E18004986E0 /* PBXTargetDependency */,
			);
			name = MerShopUITests;
			productName = MerShopUITests;
			productReference = 04F61E0522364E18004986E0 /* MerShopUITests.xctest */;
			productType = "com.apple.product-type.bundle.ui-testing";
		};
/* End PBXNativeTarget section */

/* Begin PBXProject section */
		04F61DDA22364E16004986E0 /* Project object */ = {
			isa = PBXProject;
			attributes = {
				LastUpgradeCheck = 1010;
				ORGANIZATIONNAME = mac;
				TargetAttributes = {
					04F61DE122364E16004986E0 = {
						CreatedOnToolsVersion = 10.1;
					};
					04F61DF922364E18004986E0 = {
						CreatedOnToolsVersion = 10.1;
						TestTargetID = 04F61DE122364E16004986E0;
					};
					04F61E0422364E18004986E0 = {
						CreatedOnToolsVersion = 10.1;
						TestTargetID = 04F61DE122364E16004986E0;
					};
				};
			};
			buildConfigurationList = 04F61DDD22364E16004986E0 /* Build configuration list for PBXProject "MerShop" */;
			compatibilityVersion = "Xcode 9.3";
			developmentRegion = en;
			hasScannedForEncodings = 0;
			knownRegions = (
				en,
				Base,
			);
			mainGroup = 04F61DD922364E16004986E0;
			productRefGroup = 04F61DE322364E16004986E0 /* Products */;
			projectDirPath = "";
			projectRoot = "";
			targets = (
				04F61DE122364E16004986E0 /* MerShop */,
				04F61DF922364E18004986E0 /* MerShopTests */,
				04F61E0422364E18004986E0 /* MerShopUITests */,
			);
		};
/* End PBXProject section */

/* Begin PBXResourcesBuildPhase section */
		04F61DE022364E16004986E0 /* Resources */ = {
			isa = PBXResourcesBuildPhase;
			buildActionMask = 2147483647;
			files = (
				04A46A55225C41FD00511C79 /* AddGoodsTableViewCell.xib in Resources */,
				042B182A2240EA3E004D372A /* UserEvaluationTableViewCell1.xib in Resources */,
				04F212BC224CAAC900611664 /* NoImageWithReplyTableViewCell.xib in Resources */,
				04C6186F2238D04B00773B7C /* ShopSetTableViewCell1.xib in Resources */,
				04A46A5A225C768800511C79 /* ActivityHeaderView.xib in Resources */,
				0446EAF1223B926D00A86F32 /* GoodsTableViewCell.xib in Resources */,
				04F212B7224CA7F100611664 /* NoImageTableViewCell.xib in Resources */,
				0446EB37223F9B8A00A86F32 /* NewGoodsTableViewCell4.xib in Resources */,
				0446EAE9223B7A3800A86F32 /* TableViewCell.xib in Resources */,
				04F61DF222364E18004986E0 /* LaunchScreen.storyboard in Resources */,
				04A46A5F225C8A1200511C79 /* EditeActivityTableViewCell.xib in Resources */,
				042B182F2240F704004D372A /* HeaderView1.xib in Resources */,
				04A46A45225B550600511C79 /* EmptyDiscountView.xib in Resources */,
				04235E532253531500B2FC40 /* EmptyOrderView.xib in Resources */,
				04F5B7DA22390B0500E36E3C /* NewsSettingview.xib in Resources */,
				0446EB1B223F6BFF00A86F32 /* ManageCatergoryTableViewCell.xib in Resources */,
				04C6187E2238FC2600773B7C /* ShopSetTableViewCell4.xib in Resources */,
				04FD40CA22436EA2000C9311 /* AllReadyDeliveryTableViewCell.xib in Resources */,
				0446EB32223F8B0200A86F32 /* NewGoodsTableViewCell3.xib in Resources */,
				0446EAE4223B441F00A86F32 /* HeaderView.xib in Resources */,
				0446EB09223E439F00A86F32 /* SVProgressHUD.bundle in Resources */,
				04FD40C522436402000C9311 /* WaitDeliveryTableViewCell.xib in Resources */,
				04F61DEF22364E18004986E0 /* Assets.xcassets in Resources */,
				04F61DED22364E16004986E0 /* Main.storyboard in Resources */,
				0446EB28223F874C00A86F32 /* NewGoodsTableViewCell1.xib in Resources */,
				04FD40BF22432708000C9311 /* refuseView.xib in Resources */,
				04C618792238DDE600773B7C /* ShopSetTableViewCell3.xib in Resources */,
				042B18202240CB76004D372A /* UserEvaluationTableViewCell.xib in Resources */,
				0446EB2D223F88EF00A86F32 /* NewGoodsTableViewCell2.xib in Resources */,
				042B192A2241D05F004D372A /* NewOrderTableViewCell1.xib in Resources */,
				04C618742238DC9E00773B7C /* ShopSetTableViewCell2.xib in Resources */,
				0446EB562240872800A86F32 /* SortTableViewCell.xib in Resources */,
			);
			runOnlyForDeploymentPostprocessing = 0;
		};
		04F61DF822364E18004986E0 /* Resources */ = {
			isa = PBXResourcesBuildPhase;
			buildActionMask = 2147483647;
			files = (
			);
			runOnlyForDeploymentPostprocessing = 0;
		};
		04F61E0322364E18004986E0 /* Resources */ = {
			isa = PBXResourcesBuildPhase;
			buildActionMask = 2147483647;
			files = (
			);
			runOnlyForDeploymentPostprocessing = 0;
		};
/* End PBXResourcesBuildPhase section */

/* Begin PBXShellScriptBuildPhase section */
		A5EB1FCD845D55B31C4AE48C /* [CP] Check Pods Manifest.lock */ = {
			isa = PBXShellScriptBuildPhase;
			buildActionMask = 2147483647;
			files = (
			);
			inputFileListPaths = (
			);
			inputPaths = (
				"${PODS_PODFILE_DIR_PATH}/Podfile.lock",
				"${PODS_ROOT}/Manifest.lock",
			);
			name = "[CP] Check Pods Manifest.lock";
			outputFileListPaths = (
			);
			outputPaths = (
				"$(DERIVED_FILE_DIR)/Pods-MerShop-checkManifestLockResult.txt",
			);
			runOnlyForDeploymentPostprocessing = 0;
			shellPath = /bin/sh;
			shellScript = "diff \"${PODS_PODFILE_DIR_PATH}/Podfile.lock\" \"${PODS_ROOT}/Manifest.lock\" > /dev/null\nif [ $? != 0 ] ; then\n    # print error to STDERR\n    echo \"error: The sandbox is not in sync with the Podfile.lock. Run 'pod install' or update your CocoaPods installation.\" >&2\n    exit 1\nfi\n# This output is used by Xcode 'outputs' to avoid re-running this script phase.\necho \"SUCCESS\" > \"${SCRIPT_OUTPUT_FILE_0}\"\n";
			showEnvVarsInLog = 0;
		};
		C66E4282731A0E70B11E6D8F /* [CP] Copy Pods Resources */ = {
			isa = PBXShellScriptBuildPhase;
			buildActionMask = 2147483647;
			files = (
			);
			inputFileListPaths = (
			);
			inputPaths = (
				"${PODS_ROOT}/Target Support Files/Pods-MerShop/Pods-MerShop-resources.sh",
				"${PODS_ROOT}/Bugtags/Bugtags.bundle",
				"${PODS_ROOT}/IQKeyboardManager/IQKeyboardManager/Resources/IQKeyboardManager.bundle",
				"${PODS_ROOT}/MJRefresh/MJRefreshExample/MJRefreshExample/MJRefresh/MJRefresh.bundle",
			);
			name = "[CP] Copy Pods Resources";
			outputFileListPaths = (
			);
			outputPaths = (
				"${TARGET_BUILD_DIR}/${UNLOCALIZED_RESOURCES_FOLDER_PATH}/Bugtags.bundle",
				"${TARGET_BUILD_DIR}/${UNLOCALIZED_RESOURCES_FOLDER_PATH}/IQKeyboardManager.bundle",
				"${TARGET_BUILD_DIR}/${UNLOCALIZED_RESOURCES_FOLDER_PATH}/MJRefresh.bundle",
			);
			runOnlyForDeploymentPostprocessing = 0;
			shellPath = /bin/sh;
			shellScript = "\"${PODS_ROOT}/Target Support Files/Pods-MerShop/Pods-MerShop-resources.sh\"\n";
			showEnvVarsInLog = 0;
		};
/* End PBXShellScriptBuildPhase section */

/* Begin PBXSourcesBuildPhase section */
		04F61DDE22364E16004986E0 /* Sources */ = {
			isa = PBXSourcesBuildPhase;
			buildActionMask = 2147483647;
			files = (
				04C618482237874600773B7C /* MeViewController.m in Sources */,
				04F212C72251B75200611664 /* UIView+LC.m in Sources */,
				04F5B7D822390AE100E36E3C /* NewsSettingview.m in Sources */,
				04FD40C922436EA2000C9311 /* AllReadyDeliveryTableViewCell.m in Sources */,
				04FD40C422436402000C9311 /* WaitDeliveryTableViewCell.m in Sources */,
				04A46A43225B54F400511C79 /* EmptyDiscountView.m in Sources */,
				0446EAD4223A36DC00A86F32 /* PhoneNumberView.m in Sources */,
				04C618672238A24C00773B7C /* ZJTopImageBottomTitleButton.m in Sources */,
				04C6185F2237B6CE00773B7C /* BackgroundView.m in Sources */,
				0446EB0D223E439F00A86F32 /* SVProgressHUD.m in Sources */,
				04235E51225352E200B2FC40 /* EmptyOrderView.m in Sources */,
				0446EB16223F4C1A00A86F32 /* ManageCatergoryViewController.m in Sources */,
				04A46A4B225C3A4F00511C79 /* AddActivityGoodsViewController.m in Sources */,
				0446EB0C223E439F00A86F32 /* SVIndefiniteAnimatedView.m in Sources */,
				04C6184E2237878800773B7C /* OrderManagementViewController.m in Sources */,
				04F61DEA22364E16004986E0 /* LoginInViewController.m in Sources */,
				04F212B6224CA7F100611664 /* NoImageTableViewCell.m in Sources */,
				04C618782238DDE600773B7C /* ShopSetTableViewCell3.m in Sources */,
				04F61E2022366583004986E0 /* BasicViewController.m in Sources */,
				0446EB36223F9B8A00A86F32 /* NewGoodsTableViewCell4.m in Sources */,
				042B19292241D05F004D372A /* NewOrderTableViewCell1.m in Sources */,
				0446EB0B223E439F00A86F32 /* SVProgressAnimatedView.m in Sources */,
				04C61851223787A400773B7C /* WaitDealwithViewController.m in Sources */,
				0446EB0A223E439F00A86F32 /* SVRadialGradientLayer.m in Sources */,
				042B181F2240CB76004D372A /* UserEvaluationTableViewCell.m in Sources */,
				0446EB46223FEE7F00A86F32 /* LogCategory.m in Sources */,
				04FB88052249CE5A008BEFCB /* BusinessLicenseViewController.m in Sources */,
				04F61DF522364E18004986E0 /* main.m in Sources */,
				0446EB4F224084D800A86F32 /* SortViewController.m in Sources */,
				0446EAF0223B926D00A86F32 /* GoodsTableViewCell.m in Sources */,
				04A46A58225C767500511C79 /* ActivityHeaderView.m in Sources */,
				04F212CA2251B77600611664 /* CALayer+BorderColor.m in Sources */,
				0446EAB82239251100A86F32 /* BusinessStatusViewController.m in Sources */,
				0446EAF4223BB7E100A86F32 /* UserEvaluationViewController.m in Sources */,
				04C6187D2238FC2600773B7C /* ShopSetTableViewCell4.m in Sources */,
				0446EAE2223B441200A86F32 /* HeaderView.m in Sources */,
				04F212B2224B79C000611664 /* JXMovableCellTableView.m in Sources */,
				042B182D2240F6F2004D372A /* HeaderView1.m in Sources */,
				04C6185422378B5700773B7C /* TabBarController.m in Sources */,
				04F61DE722364E16004986E0 /* AppDelegate.m in Sources */,
				0446EB31223F8B0200A86F32 /* NewGoodsTableViewCell3.m in Sources */,
				04FB88022249C7FC008BEFCB /* PhoneNumberSettingViewController.m in Sources */,
				0446EB23223F86BC00A86F32 /* CreateNewGoodsViewController.m in Sources */,
				04A46A54225C41FD00511C79 /* AddGoodsTableViewCell.m in Sources */,
				04C6186E2238D04B00773B7C /* ShopSetTableViewCell1.m in Sources */,
				042B18A622411416004D372A /* IFTools.m in Sources */,
				0446EADB223A5AD600A86F32 /* RestaurantNoticeViewController.m in Sources */,
				0446EAEC223B8B4A00A86F32 /* GoodsManagementViewController.m in Sources */,
				0446EABB2239319900A86F32 /* FeedbackViewController.m in Sources */,
				0446EB2C223F88EF00A86F32 /* NewGoodsTableViewCell2.m in Sources */,
				04FD40BD224326F4000C9311 /* refuseView.m in Sources */,
				0446EABE2239EDD400A86F32 /* AccountSecurityViewController.m in Sources */,
				04FB880A224A1AC0008BEFCB /* GoodsModel.m in Sources */,
				0446EAFB223E1B9D00A86F32 /* Http_url.m in Sources */,
				04A46A5E225C8A1200511C79 /* EditeActivityTableViewCell.m in Sources */,
				04C6184B2237876900773B7C /* ShopViewController.m in Sources */,
				0446EAD12239F71E00A86F32 /* ChangePasswordViewController.m in Sources */,
				0446EAE8223B7A3800A86F32 /* TableViewCell.m in Sources */,
				04A46A40225B4E6D00511C79 /* DiscountViewController.m in Sources */,
				0446EB27223F874C00A86F32 /* NewGoodsTableViewCell1.m in Sources */,
				042B18292240EA3E004D372A /* UserEvaluationTableViewCell1.m in Sources */,
				04C618732238DC9E00773B7C /* ShopSetTableViewCell2.m in Sources */,
				0446EB10223E447600A86F32 /* IFUtils.m in Sources */,
				0446EB552240872800A86F32 /* SortTableViewCell.m in Sources */,
				04F212C0224DB82400611664 /* OrderModel.m in Sources */,
				042B19382242383D004D372A /* NewOrderModel.m in Sources */,
				0446EB13223F3AE000A86F32 /* CreateGoodsViewController.m in Sources */,
				04F212BB224CAAC900611664 /* NoImageWithReplyTableViewCell.m in Sources */,
				04C61858223790B000773B7C /* NavigationViewController.m in Sources */,
				04C6186A2238CFB000773B7C /* ShopSetViewController.m in Sources */,
				0446EB1A223F6BFF00A86F32 /* ManageCatergoryTableViewCell.m in Sources */,
				04577960223908B100D968EA /* RingSettingViewController.m in Sources */,
				04F212AF224B566B00611664 /* NewCatergoryViewController.m in Sources */,
				0446EAF7223BB8CD00A86F32 /* ManageViewController.m in Sources */,
			);
			runOnlyForDeploymentPostprocessing = 0;
		};
		04F61DF622364E18004986E0 /* Sources */ = {
			isa = PBXSourcesBuildPhase;
			buildActionMask = 2147483647;
			files = (
				04F61DFF22364E18004986E0 /* MerShopTests.m in Sources */,
			);
			runOnlyForDeploymentPostprocessing = 0;
		};
		04F61E0122364E18004986E0 /* Sources */ = {
			isa = PBXSourcesBuildPhase;
			buildActionMask = 2147483647;
			files = (
				04F61E0A22364E18004986E0 /* MerShopUITests.m in Sources */,
			);
			runOnlyForDeploymentPostprocessing = 0;
		};
/* End PBXSourcesBuildPhase section */

/* Begin PBXTargetDependency section */
		04F61DFC22364E18004986E0 /* PBXTargetDependency */ = {
			isa = PBXTargetDependency;
			target = 04F61DE122364E16004986E0 /* MerShop */;
			targetProxy = 04F61DFB22364E18004986E0 /* PBXContainerItemProxy */;
		};
		04F61E0722364E18004986E0 /* PBXTargetDependency */ = {
			isa = PBXTargetDependency;
			target = 04F61DE122364E16004986E0 /* MerShop */;
			targetProxy = 04F61E0622364E18004986E0 /* PBXContainerItemProxy */;
		};
/* End PBXTargetDependency section */

/* Begin PBXVariantGroup section */
		04F61DEB22364E16004986E0 /* Main.storyboard */ = {
			isa = PBXVariantGroup;
			children = (
				04F61DEC22364E16004986E0 /* Base */,
			);
			name = Main.storyboard;
			sourceTree = "<group>";
		};
		04F61DF022364E18004986E0 /* LaunchScreen.storyboard */ = {
			isa = PBXVariantGroup;
			children = (
				04F61DF122364E18004986E0 /* Base */,
			);
			name = LaunchScreen.storyboard;
			sourceTree = "<group>";
		};
/* End PBXVariantGroup section */

/* Begin XCBuildConfiguration section */
		04F61E0C22364E18004986E0 /* Debug */ = {
			isa = XCBuildConfiguration;
			buildSettings = {
				ALWAYS_SEARCH_USER_PATHS = NO;
				CLANG_ANALYZER_NONNULL = YES;
				CLANG_ANALYZER_NUMBER_OBJECT_CONVERSION = YES_AGGRESSIVE;
				CLANG_CXX_LANGUAGE_STANDARD = "gnu++14";
				CLANG_CXX_LIBRARY = "libc++";
				CLANG_ENABLE_MODULES = YES;
				CLANG_ENABLE_OBJC_ARC = YES;
				CLANG_ENABLE_OBJC_WEAK = YES;
				CLANG_WARN_BLOCK_CAPTURE_AUTORELEASING = YES;
				CLANG_WARN_BOOL_CONVERSION = YES;
				CLANG_WARN_COMMA = YES;
				CLANG_WARN_CONSTANT_CONVERSION = YES;
				CLANG_WARN_DEPRECATED_OBJC_IMPLEMENTATIONS = YES;
				CLANG_WARN_DIRECT_OBJC_ISA_USAGE = YES_ERROR;
				CLANG_WARN_DOCUMENTATION_COMMENTS = YES;
				CLANG_WARN_EMPTY_BODY = YES;
				CLANG_WARN_ENUM_CONVERSION = YES;
				CLANG_WARN_INFINITE_RECURSION = YES;
				CLANG_WARN_INT_CONVERSION = YES;
				CLANG_WARN_NON_LITERAL_NULL_CONVERSION = YES;
				CLANG_WARN_OBJC_IMPLICIT_RETAIN_SELF = YES;
				CLANG_WARN_OBJC_LITERAL_CONVERSION = YES;
				CLANG_WARN_OBJC_ROOT_CLASS = YES_ERROR;
				CLANG_WARN_RANGE_LOOP_ANALYSIS = YES;
				CLANG_WARN_STRICT_PROTOTYPES = YES;
				CLANG_WARN_SUSPICIOUS_MOVE = YES;
				CLANG_WARN_UNGUARDED_AVAILABILITY = YES_AGGRESSIVE;
				CLANG_WARN_UNREACHABLE_CODE = YES;
				CLANG_WARN__DUPLICATE_METHOD_MATCH = YES;
				CODE_SIGN_IDENTITY = "iPhone Developer";
				COPY_PHASE_STRIP = NO;
				DEBUG_INFORMATION_FORMAT = dwarf;
				ENABLE_STRICT_OBJC_MSGSEND = YES;
				ENABLE_TESTABILITY = YES;
				GCC_C_LANGUAGE_STANDARD = gnu11;
				GCC_DYNAMIC_NO_PIC = NO;
				GCC_NO_COMMON_BLOCKS = YES;
				GCC_OPTIMIZATION_LEVEL = 0;
				GCC_PREPROCESSOR_DEFINITIONS = (
					"DEBUG=1",
					"$(inherited)",
				);
				GCC_WARN_64_TO_32_BIT_CONVERSION = YES;
				GCC_WARN_ABOUT_RETURN_TYPE = YES_ERROR;
				GCC_WARN_UNDECLARED_SELECTOR = YES;
				GCC_WARN_UNINITIALIZED_AUTOS = YES_AGGRESSIVE;
				GCC_WARN_UNUSED_FUNCTION = YES;
				GCC_WARN_UNUSED_VARIABLE = YES;
				IPHONEOS_DEPLOYMENT_TARGET = 12.1;
				MTL_ENABLE_DEBUG_INFO = INCLUDE_SOURCE;
				MTL_FAST_MATH = YES;
				ONLY_ACTIVE_ARCH = YES;
				SDKROOT = iphoneos;
			};
			name = Debug;
		};
		04F61E0D22364E18004986E0 /* Release */ = {
			isa = XCBuildConfiguration;
			buildSettings = {
				ALWAYS_SEARCH_USER_PATHS = NO;
				CLANG_ANALYZER_NONNULL = YES;
				CLANG_ANALYZER_NUMBER_OBJECT_CONVERSION = YES_AGGRESSIVE;
				CLANG_CXX_LANGUAGE_STANDARD = "gnu++14";
				CLANG_CXX_LIBRARY = "libc++";
				CLANG_ENABLE_MODULES = YES;
				CLANG_ENABLE_OBJC_ARC = YES;
				CLANG_ENABLE_OBJC_WEAK = YES;
				CLANG_WARN_BLOCK_CAPTURE_AUTORELEASING = YES;
				CLANG_WARN_BOOL_CONVERSION = YES;
				CLANG_WARN_COMMA = YES;
				CLANG_WARN_CONSTANT_CONVERSION = YES;
				CLANG_WARN_DEPRECATED_OBJC_IMPLEMENTATIONS = YES;
				CLANG_WARN_DIRECT_OBJC_ISA_USAGE = YES_ERROR;
				CLANG_WARN_DOCUMENTATION_COMMENTS = YES;
				CLANG_WARN_EMPTY_BODY = YES;
				CLANG_WARN_ENUM_CONVERSION = YES;
				CLANG_WARN_INFINITE_RECURSION = YES;
				CLANG_WARN_INT_CONVERSION = YES;
				CLANG_WARN_NON_LITERAL_NULL_CONVERSION = YES;
				CLANG_WARN_OBJC_IMPLICIT_RETAIN_SELF = YES;
				CLANG_WARN_OBJC_LITERAL_CONVERSION = YES;
				CLANG_WARN_OBJC_ROOT_CLASS = YES_ERROR;
				CLANG_WARN_RANGE_LOOP_ANALYSIS = YES;
				CLANG_WARN_STRICT_PROTOTYPES = YES;
				CLANG_WARN_SUSPICIOUS_MOVE = YES;
				CLANG_WARN_UNGUARDED_AVAILABILITY = YES_AGGRESSIVE;
				CLANG_WARN_UNREACHABLE_CODE = YES;
				CLANG_WARN__DUPLICATE_METHOD_MATCH = YES;
				CODE_SIGN_IDENTITY = "iPhone Developer";
				COPY_PHASE_STRIP = NO;
				DEBUG_INFORMATION_FORMAT = "dwarf-with-dsym";
				ENABLE_NS_ASSERTIONS = NO;
				ENABLE_STRICT_OBJC_MSGSEND = YES;
				GCC_C_LANGUAGE_STANDARD = gnu11;
				GCC_NO_COMMON_BLOCKS = YES;
				GCC_WARN_64_TO_32_BIT_CONVERSION = YES;
				GCC_WARN_ABOUT_RETURN_TYPE = YES_ERROR;
				GCC_WARN_UNDECLARED_SELECTOR = YES;
				GCC_WARN_UNINITIALIZED_AUTOS = YES_AGGRESSIVE;
				GCC_WARN_UNUSED_FUNCTION = YES;
				GCC_WARN_UNUSED_VARIABLE = YES;
				IPHONEOS_DEPLOYMENT_TARGET = 12.1;
				MTL_ENABLE_DEBUG_INFO = NO;
				MTL_FAST_MATH = YES;
				SDKROOT = iphoneos;
				VALIDATE_PRODUCT = YES;
			};
			name = Release;
		};
		04F61E0F22364E18004986E0 /* Debug */ = {
			isa = XCBuildConfiguration;
			baseConfigurationReference = C6774E492B8F8E4A9E075F1A /* Pods-MerShop.debug.xcconfig */;
			buildSettings = {
				ASSETCATALOG_COMPILER_APPICON_NAME = AppIcon;
				CODE_SIGN_IDENTITY = "iPhone Developer";
				CODE_SIGN_STYLE = Manual;
				DEVELOPMENT_TEAM = 6L4S78C444;
				GCC_C_LANGUAGE_STANDARD = gnu11;
				GCC_PREFIX_HEADER = /Users/mac/Desktop/MerShop/MerShop/PrefixHeader.pch;
				INFOPLIST_FILE = MerShop/Info.plist;
				IPHONEOS_DEPLOYMENT_TARGET = 9.0;
				LD_RUNPATH_SEARCH_PATHS = (
					"$(inherited)",
					"@executable_path/Frameworks",
				);
				ONLY_ACTIVE_ARCH = YES;
				PRODUCT_BUNDLE_IDENTIFIER = com.ifhu.MerShop;
				PRODUCT_NAME = "$(TARGET_NAME)";
				PROVISIONING_PROFILE_SPECIFIER = ifu_iOS_Development;
				TARGETED_DEVICE_FAMILY = 1;
				VALID_ARCHS = "arm64 arm64e armv7 armv7s";
			};
			name = Debug;
		};
		04F61E1022364E18004986E0 /* Release */ = {
			isa = XCBuildConfiguration;
			baseConfigurationReference = 2A64BC8AA121C02E47419A4D /* Pods-MerShop.release.xcconfig */;
			buildSettings = {
				ASSETCATALOG_COMPILER_APPICON_NAME = AppIcon;
				CODE_SIGN_IDENTITY = "iPhone Distribution";
				CODE_SIGN_STYLE = Manual;
				DEVELOPMENT_TEAM = 6L4S78C444;
				GCC_C_LANGUAGE_STANDARD = gnu11;
				GCC_PREFIX_HEADER = /Users/mac/Desktop/MerShop/MerShop/PrefixHeader.pch;
				INFOPLIST_FILE = MerShop/Info.plist;
				IPHONEOS_DEPLOYMENT_TARGET = 9.0;
				LD_RUNPATH_SEARCH_PATHS = (
					"$(inherited)",
					"@executable_path/Frameworks",
				);
				PRODUCT_BUNDLE_IDENTIFIER = com.ifhu.MerShop;
				PRODUCT_NAME = "$(TARGET_NAME)";
				PROVISIONING_PROFILE_SPECIFIER = "ifu_iOS Distribution";
				TARGETED_DEVICE_FAMILY = 1;
				VALID_ARCHS = "arm64 arm64e armv7 armv7s";
			};
			name = Release;
		};
		04F61E1222364E18004986E0 /* Debug */ = {
			isa = XCBuildConfiguration;
			buildSettings = {
				BUNDLE_LOADER = "$(TEST_HOST)";
				CODE_SIGN_STYLE = Automatic;
				INFOPLIST_FILE = MerShopTests/Info.plist;
				LD_RUNPATH_SEARCH_PATHS = (
					"$(inherited)",
					"@executable_path/Frameworks",
					"@loader_path/Frameworks",
				);
				PRODUCT_BUNDLE_IDENTIFIER = com.ifhu.MerShopTests;
				PRODUCT_NAME = "$(TARGET_NAME)";
				TARGETED_DEVICE_FAMILY = "1,2";
				TEST_HOST = "$(BUILT_PRODUCTS_DIR)/MerShop.app/MerShop";
			};
			name = Debug;
		};
		04F61E1322364E18004986E0 /* Release */ = {
			isa = XCBuildConfiguration;
			buildSettings = {
				BUNDLE_LOADER = "$(TEST_HOST)";
				CODE_SIGN_STYLE = Automatic;
				INFOPLIST_FILE = MerShopTests/Info.plist;
				LD_RUNPATH_SEARCH_PATHS = (
					"$(inherited)",
					"@executable_path/Frameworks",
					"@loader_path/Frameworks",
				);
				PRODUCT_BUNDLE_IDENTIFIER = com.ifhu.MerShopTests;
				PRODUCT_NAME = "$(TARGET_NAME)";
				TARGETED_DEVICE_FAMILY = "1,2";
				TEST_HOST = "$(BUILT_PRODUCTS_DIR)/MerShop.app/MerShop";
			};
			name = Release;
		};
		04F61E1522364E18004986E0 /* Debug */ = {
			isa = XCBuildConfiguration;
			buildSettings = {
				CODE_SIGN_STYLE = Automatic;
				INFOPLIST_FILE = MerShopUITests/Info.plist;
				LD_RUNPATH_SEARCH_PATHS = (
					"$(inherited)",
					"@executable_path/Frameworks",
					"@loader_path/Frameworks",
				);
				PRODUCT_BUNDLE_IDENTIFIER = com.ifhu.MerShopUITests;
				PRODUCT_NAME = "$(TARGET_NAME)";
				TARGETED_DEVICE_FAMILY = "1,2";
				TEST_TARGET_NAME = MerShop;
			};
			name = Debug;
		};
		04F61E1622364E18004986E0 /* Release */ = {
			isa = XCBuildConfiguration;
			buildSettings = {
				CODE_SIGN_STYLE = Automatic;
				INFOPLIST_FILE = MerShopUITests/Info.plist;
				LD_RUNPATH_SEARCH_PATHS = (
					"$(inherited)",
					"@executable_path/Frameworks",
					"@loader_path/Frameworks",
				);
				PRODUCT_BUNDLE_IDENTIFIER = com.ifhu.MerShopUITests;
				PRODUCT_NAME = "$(TARGET_NAME)";
				TARGETED_DEVICE_FAMILY = "1,2";
				TEST_TARGET_NAME = MerShop;
			};
			name = Release;
		};
/* End XCBuildConfiguration section */

/* Begin XCConfigurationList section */
		04F61DDD22364E16004986E0 /* Build configuration list for PBXProject "MerShop" */ = {
			isa = XCConfigurationList;
			buildConfigurations = (
				04F61E0C22364E18004986E0 /* Debug */,
				04F61E0D22364E18004986E0 /* Release */,
			);
			defaultConfigurationIsVisible = 0;
			defaultConfigurationName = Release;
		};
		04F61E0E22364E18004986E0 /* Build configuration list for PBXNativeTarget "MerShop" */ = {
			isa = XCConfigurationList;
			buildConfigurations = (
				04F61E0F22364E18004986E0 /* Debug */,
				04F61E1022364E18004986E0 /* Release */,
			);
			defaultConfigurationIsVisible = 0;
			defaultConfigurationName = Release;
		};
		04F61E1122364E18004986E0 /* Build configuration list for PBXNativeTarget "MerShopTests" */ = {
			isa = XCConfigurationList;
			buildConfigurations = (
				04F61E1222364E18004986E0 /* Debug */,
				04F61E1322364E18004986E0 /* Release */,
			);
			defaultConfigurationIsVisible = 0;
			defaultConfigurationName = Release;
		};
		04F61E1422364E18004986E0 /* Build configuration list for PBXNativeTarget "MerShopUITests" */ = {
			isa = XCConfigurationList;
			buildConfigurations = (
				04F61E1522364E18004986E0 /* Debug */,
				04F61E1622364E18004986E0 /* Release */,
			);
			defaultConfigurationIsVisible = 0;
			defaultConfigurationName = Release;
		};
/* End XCConfigurationList section */
	};
	rootObject = 04F61DDA22364E16004986E0 /* Project object */;
}
